// !$*UTF8*$!
{
	archiveVersion = 1;
	classes = {
	};
	objectVersion = 46;
	objects = {

/* Begin PBXBuildFile section */
		1709DE26155E01E90030548A /* pull.caf in Resources */ = {isa = PBXBuildFile; fileRef = 1709DE25155E01E90030548A /* pull.caf */; };
		1709DE33155E01F60030548A /* RUTA_01.png in Resources */ = {isa = PBXBuildFile; fileRef = 1709DE27155E01F60030548A /* RUTA_01.png */; };
		1709DE34155E01F60030548A /* RUTA_02.png in Resources */ = {isa = PBXBuildFile; fileRef = 1709DE28155E01F60030548A /* RUTA_02.png */; };
		1709DE35155E01F60030548A /* RUTA_03.png in Resources */ = {isa = PBXBuildFile; fileRef = 1709DE29155E01F60030548A /* RUTA_03.png */; };
		1709DE36155E01F60030548A /* RUTA_04.png in Resources */ = {isa = PBXBuildFile; fileRef = 1709DE2A155E01F60030548A /* RUTA_04.png */; };
		1709DE37155E01F60030548A /* RUTA_05.png in Resources */ = {isa = PBXBuildFile; fileRef = 1709DE2B155E01F60030548A /* RUTA_05.png */; };
		1709DE38155E01F60030548A /* RUTA_06.png in Resources */ = {isa = PBXBuildFile; fileRef = 1709DE2C155E01F60030548A /* RUTA_06.png */; };
		1709DE39155E01F60030548A /* RUTA_07.png in Resources */ = {isa = PBXBuildFile; fileRef = 1709DE2D155E01F60030548A /* RUTA_07.png */; };
		1709DE3A155E01F60030548A /* RUTA_08.png in Resources */ = {isa = PBXBuildFile; fileRef = 1709DE2E155E01F60030548A /* RUTA_08.png */; };
		1709DE3B155E01F60030548A /* RUTA_09.png in Resources */ = {isa = PBXBuildFile; fileRef = 1709DE2F155E01F60030548A /* RUTA_09.png */; };
		1709DE3C155E01F60030548A /* RUTA_10.png in Resources */ = {isa = PBXBuildFile; fileRef = 1709DE30155E01F60030548A /* RUTA_10.png */; };
		1709DE3D155E01F60030548A /* RUTA_11.png in Resources */ = {isa = PBXBuildFile; fileRef = 1709DE31155E01F60030548A /* RUTA_11.png */; };
		1709DE3E155E01F60030548A /* RUTA_12.png in Resources */ = {isa = PBXBuildFile; fileRef = 1709DE32155E01F60030548A /* RUTA_12.png */; };
		1740667B155C356D00E2DE86 /* Vehicle.m in Sources */ = {isa = PBXBuildFile; fileRef = 1740667A155C356D00E2DE86 /* Vehicle.m */; };
		1740667E155C43EB00E2DE86 /* Instants.m in Sources */ = {isa = PBXBuildFile; fileRef = 1740667D155C43EB00E2DE86 /* Instants.m */; };
		17406681155C4AC500E2DE86 /* Instant.m in Sources */ = {isa = PBXBuildFile; fileRef = 17406680155C4AC500E2DE86 /* Instant.m */; };
		1786B9971557B5CA004082C7 /* UITableViewCellForRouteRow.m in Sources */ = {isa = PBXBuildFile; fileRef = 1786B9961557B5CA004082C7 /* UITableViewCellForRouteRow.m */; };
		17A166EE15563A3C006CBD0D /* FrontViewController.m in Sources */ = {isa = PBXBuildFile; fileRef = 17A166ED15563A3C006CBD0D /* FrontViewController.m */; };
		17A166F015563CFE006CBD0D /* front.png in Resources */ = {isa = PBXBuildFile; fileRef = 17A166EF15563CFE006CBD0D /* front.png */; };
		17A289F6155F24CD00CEBAC1 /* InstantRMMarker.m in Sources */ = {isa = PBXBuildFile; fileRef = 17A289F5155F24CD00CEBAC1 /* InstantRMMarker.m */; };
		17A28A09155F433300CEBAC1 /* ReportsViewController.m in Sources */ = {isa = PBXBuildFile; fileRef = 17A28A08155F433200CEBAC1 /* ReportsViewController.m */; };
		17A28A0B155F440800CEBAC1 /* refresh.png in Resources */ = {isa = PBXBuildFile; fileRef = 17A28A0A155F440800CEBAC1 /* refresh.png */; };
		17A28A0D155F447E00CEBAC1 /* alert.png in Resources */ = {isa = PBXBuildFile; fileRef = 17A28A0C155F447E00CEBAC1 /* alert.png */; };
		17A2A2961555812200B83317 /* RoutesViewController.m in Sources */ = {isa = PBXBuildFile; fileRef = 17A2A2951555812200B83317 /* RoutesViewController.m */; };
		17A817F515BC632500E2E773 /* grid.png in Resources */ = {isa = PBXBuildFile; fileRef = 17A817F415BC632500E2E773 /* grid.png */; };
		17A817F815BC699000E2E773 /* OverlayLegend.m in Sources */ = {isa = PBXBuildFile; fileRef = 17A817F715BC699000E2E773 /* OverlayLegend.m */; };
		17A817FC15BC73E400E2E773 /* legend.png in Resources */ = {isa = PBXBuildFile; fileRef = 17A817FB15BC73E400E2E773 /* legend.png */; };
		17D6C98315B9E3D4008FD431 /* HelpButton.m in Sources */ = {isa = PBXBuildFile; fileRef = 17D6C98215B9E3D4008FD431 /* HelpButton.m */; };
		17D6C98815BA01A8008FD431 /* routes.json in Resources */ = {isa = PBXBuildFile; fileRef = 17D6C98715BA01A8008FD431 /* routes.json */; };
		17D9F8111558E95100737392 /* Routes.m in Sources */ = {isa = PBXBuildFile; fileRef = 17D9F8101558E95100737392 /* Routes.m */; };
		17D9F8141558E97C00737392 /* Vehicles.m in Sources */ = {isa = PBXBuildFile; fileRef = 17D9F8131558E97C00737392 /* Vehicles.m */; };
		17DF31F41558B657002B1DBD /* OvermapButton.m in Sources */ = {isa = PBXBuildFile; fileRef = 17DF31F31558B657002B1DBD /* OvermapButton.m */; };
		17DF31F61558B66A002B1DBD /* localize.png in Resources */ = {isa = PBXBuildFile; fileRef = 17DF31F51558B66A002B1DBD /* localize.png */; };
		17DF32031558BF56002B1DBD /* AVFoundation.framework in Frameworks */ = {isa = PBXBuildFile; fileRef = 17DF32011558BF4C002B1DBD /* AVFoundation.framework */; };
		3A0ECDE0154895F700919614 /* home.png in Resources */ = {isa = PBXBuildFile; fileRef = 3A0ECDDD154895F700919614 /* home.png */; };
		3A0ECDE1154895F700919614 /* map.png in Resources */ = {isa = PBXBuildFile; fileRef = 3A0ECDDE154895F700919614 /* map.png */; };
		3A0ECE5B1548AAE500919614 /* routes.plist in Resources */ = {isa = PBXBuildFile; fileRef = 3A0ECE5A1548AAE500919614 /* routes.plist */; };
		3A0ECE9E1548B62F00919614 /* NSObject+SBJson.m in Sources */ = {isa = PBXBuildFile; fileRef = 3A0ECE861548B62F00919614 /* NSObject+SBJson.m */; };
		3A0ECE9F1548B62F00919614 /* SBJsonParser.m in Sources */ = {isa = PBXBuildFile; fileRef = 3A0ECE891548B62F00919614 /* SBJsonParser.m */; };
		3A0ECEA01548B62F00919614 /* SBJsonStreamParser.m in Sources */ = {isa = PBXBuildFile; fileRef = 3A0ECE8B1548B62F00919614 /* SBJsonStreamParser.m */; };
		3A0ECEA11548B62F00919614 /* SBJsonStreamParserAccumulator.m in Sources */ = {isa = PBXBuildFile; fileRef = 3A0ECE8D1548B62F00919614 /* SBJsonStreamParserAccumulator.m */; };
		3A0ECEA21548B62F00919614 /* SBJsonStreamParserAdapter.m in Sources */ = {isa = PBXBuildFile; fileRef = 3A0ECE8F1548B62F00919614 /* SBJsonStreamParserAdapter.m */; };
		3A0ECEA31548B62F00919614 /* SBJsonStreamParserState.m in Sources */ = {isa = PBXBuildFile; fileRef = 3A0ECE911548B62F00919614 /* SBJsonStreamParserState.m */; };
		3A0ECEA41548B62F00919614 /* SBJsonStreamWriter.m in Sources */ = {isa = PBXBuildFile; fileRef = 3A0ECE931548B62F00919614 /* SBJsonStreamWriter.m */; };
		3A0ECEA51548B62F00919614 /* SBJsonStreamWriterAccumulator.m in Sources */ = {isa = PBXBuildFile; fileRef = 3A0ECE951548B62F00919614 /* SBJsonStreamWriterAccumulator.m */; };
		3A0ECEA61548B62F00919614 /* SBJsonStreamWriterState.m in Sources */ = {isa = PBXBuildFile; fileRef = 3A0ECE971548B62F00919614 /* SBJsonStreamWriterState.m */; };
		3A0ECEA71548B62F00919614 /* SBJsonTokeniser.m in Sources */ = {isa = PBXBuildFile; fileRef = 3A0ECE991548B62F00919614 /* SBJsonTokeniser.m */; };
		3A0ECEA81548B62F00919614 /* SBJsonUTF8Stream.m in Sources */ = {isa = PBXBuildFile; fileRef = 3A0ECE9B1548B62F00919614 /* SBJsonUTF8Stream.m */; };
		3A0ECEA91548B62F00919614 /* SBJsonWriter.m in Sources */ = {isa = PBXBuildFile; fileRef = 3A0ECE9D1548B62F00919614 /* SBJsonWriter.m */; };
		3A0ECEFD1548BB1100919614 /* ASIAuthenticationDialog.m in Sources */ = {isa = PBXBuildFile; fileRef = 3A0ECEAC1548BB1100919614 /* ASIAuthenticationDialog.m */; settings = {COMPILER_FLAGS = "-fno-objc-arc"; }; };
		3A0ECEFE1548BB1100919614 /* ASIDataCompressor.m in Sources */ = {isa = PBXBuildFile; fileRef = 3A0ECEAF1548BB1100919614 /* ASIDataCompressor.m */; settings = {COMPILER_FLAGS = "-fno-objc-arc"; }; };
		3A0ECEFF1548BB1100919614 /* ASIDataDecompressor.m in Sources */ = {isa = PBXBuildFile; fileRef = 3A0ECEB11548BB1100919614 /* ASIDataDecompressor.m */; settings = {COMPILER_FLAGS = "-fno-objc-arc"; }; };
		3A0ECF001548BB1100919614 /* ASIDownloadCache.m in Sources */ = {isa = PBXBuildFile; fileRef = 3A0ECEB31548BB1100919614 /* ASIDownloadCache.m */; settings = {COMPILER_FLAGS = "-fno-objc-arc"; }; };
		3A0ECF011548BB1100919614 /* ASIFormDataRequest.m in Sources */ = {isa = PBXBuildFile; fileRef = 3A0ECEB51548BB1100919614 /* ASIFormDataRequest.m */; settings = {COMPILER_FLAGS = "-fno-objc-arc"; }; };
		3A0ECF021548BB1100919614 /* ASIHTTPRequest.m in Sources */ = {isa = PBXBuildFile; fileRef = 3A0ECEB71548BB1100919614 /* ASIHTTPRequest.m */; settings = {COMPILER_FLAGS = "-fno-objc-arc"; }; };
		3A0ECF031548BB1100919614 /* ASIInputStream.m in Sources */ = {isa = PBXBuildFile; fileRef = 3A0ECEBB1548BB1100919614 /* ASIInputStream.m */; settings = {COMPILER_FLAGS = "-fno-objc-arc"; }; };
		3A0ECF041548BB1100919614 /* ASINetworkQueue.m in Sources */ = {isa = PBXBuildFile; fileRef = 3A0ECEBD1548BB1100919614 /* ASINetworkQueue.m */; settings = {COMPILER_FLAGS = "-fno-objc-arc"; }; };
		3A0ECF061548BB1100919614 /* ASICloudFilesCDNRequest.m in Sources */ = {isa = PBXBuildFile; fileRef = 3A0ECEC41548BB1100919614 /* ASICloudFilesCDNRequest.m */; settings = {COMPILER_FLAGS = "-fno-objc-arc"; }; };
		3A0ECF071548BB1100919614 /* ASICloudFilesContainer.m in Sources */ = {isa = PBXBuildFile; fileRef = 3A0ECEC61548BB1100919614 /* ASICloudFilesContainer.m */; settings = {COMPILER_FLAGS = "-fno-objc-arc"; }; };
		3A0ECF081548BB1100919614 /* ASICloudFilesContainerRequest.m in Sources */ = {isa = PBXBuildFile; fileRef = 3A0ECEC81548BB1100919614 /* ASICloudFilesContainerRequest.m */; settings = {COMPILER_FLAGS = "-fno-objc-arc"; }; };
		3A0ECF091548BB1100919614 /* ASICloudFilesContainerXMLParserDelegate.m in Sources */ = {isa = PBXBuildFile; fileRef = 3A0ECECA1548BB1100919614 /* ASICloudFilesContainerXMLParserDelegate.m */; settings = {COMPILER_FLAGS = "-fno-objc-arc"; }; };
		3A0ECF0A1548BB1100919614 /* ASICloudFilesObject.m in Sources */ = {isa = PBXBuildFile; fileRef = 3A0ECECC1548BB1100919614 /* ASICloudFilesObject.m */; settings = {COMPILER_FLAGS = "-fno-objc-arc"; }; };
		3A0ECF0B1548BB1100919614 /* ASICloudFilesObjectRequest.m in Sources */ = {isa = PBXBuildFile; fileRef = 3A0ECECE1548BB1100919614 /* ASICloudFilesObjectRequest.m */; settings = {COMPILER_FLAGS = "-fno-objc-arc"; }; };
		3A0ECF0C1548BB1100919614 /* ASICloudFilesRequest.m in Sources */ = {isa = PBXBuildFile; fileRef = 3A0ECED01548BB1100919614 /* ASICloudFilesRequest.m */; settings = {COMPILER_FLAGS = "-fno-objc-arc"; }; };
		3A0ECF0D1548BB1100919614 /* ASIS3Bucket.m in Sources */ = {isa = PBXBuildFile; fileRef = 3A0ECED41548BB1100919614 /* ASIS3Bucket.m */; settings = {COMPILER_FLAGS = "-fno-objc-arc"; }; };
		3A0ECF0E1548BB1100919614 /* ASIS3BucketObject.m in Sources */ = {isa = PBXBuildFile; fileRef = 3A0ECED61548BB1100919614 /* ASIS3BucketObject.m */; settings = {COMPILER_FLAGS = "-fno-objc-arc"; }; };
		3A0ECF0F1548BB1100919614 /* ASIS3BucketRequest.m in Sources */ = {isa = PBXBuildFile; fileRef = 3A0ECED81548BB1100919614 /* ASIS3BucketRequest.m */; settings = {COMPILER_FLAGS = "-fno-objc-arc"; }; };
		3A0ECF101548BB1100919614 /* ASIS3ObjectRequest.m in Sources */ = {isa = PBXBuildFile; fileRef = 3A0ECEDA1548BB1100919614 /* ASIS3ObjectRequest.m */; settings = {COMPILER_FLAGS = "-fno-objc-arc"; }; };
		3A0ECF111548BB1100919614 /* ASIS3Request.m in Sources */ = {isa = PBXBuildFile; fileRef = 3A0ECEDC1548BB1100919614 /* ASIS3Request.m */; settings = {COMPILER_FLAGS = "-fno-objc-arc"; }; };
		3A0ECF121548BB1100919614 /* ASIS3ServiceRequest.m in Sources */ = {isa = PBXBuildFile; fileRef = 3A0ECEDE1548BB1100919614 /* ASIS3ServiceRequest.m */; settings = {COMPILER_FLAGS = "-fno-objc-arc"; }; };
		3A0ECF231548BC9400919614 /* CFNetwork.framework in Frameworks */ = {isa = PBXBuildFile; fileRef = 3A0ECF221548BC9400919614 /* CFNetwork.framework */; };
		3A0ECF261548BDFC00919614 /* Reachability.m in Sources */ = {isa = PBXBuildFile; fileRef = 3A0ECF251548BDFC00919614 /* Reachability.m */; };
		3A0ECF271548BE1300919614 /* Reachability.m in Sources */ = {isa = PBXBuildFile; fileRef = 3A0ECF251548BDFC00919614 /* Reachability.m */; settings = {COMPILER_FLAGS = "-fno-objc-arc"; }; };
		3A0ECF291548BE5600919614 /* SystemConfiguration.framework in Frameworks */ = {isa = PBXBuildFile; fileRef = 3A0ECF281548BE5600919614 /* SystemConfiguration.framework */; };
		3A0ECF2B1548BE6000919614 /* MobileCoreServices.framework in Frameworks */ = {isa = PBXBuildFile; fileRef = 3A0ECF2A1548BE6000919614 /* MobileCoreServices.framework */; };
		3A0ECF2D1548BE7000919614 /* libz.dylib in Frameworks */ = {isa = PBXBuildFile; fileRef = 3A0ECF2C1548BE7000919614 /* libz.dylib */; };
		3A17CA7415E4049F00B0AEAD /* stations.plist in Resources */ = {isa = PBXBuildFile; fileRef = 3A17CA7315E4049F00B0AEAD /* stations.plist */; };
		3A17CA7715E404AF00B0AEAD /* stop.png in Resources */ = {isa = PBXBuildFile; fileRef = 3A17CA7615E404AF00B0AEAD /* stop.png */; };
		3A17CA7A15E4064400B0AEAD /* Station.m in Sources */ = {isa = PBXBuildFile; fileRef = 3A17CA7915E4064400B0AEAD /* Station.m */; };
		3A17CA7D15E4070F00B0AEAD /* Stations.m in Sources */ = {isa = PBXBuildFile; fileRef = 3A17CA7C15E4070F00B0AEAD /* Stations.m */; };
		3A40E75D1551D0B9009A0A68 /* Route.m in Sources */ = {isa = PBXBuildFile; fileRef = 3A40E75C1551D0B9009A0A68 /* Route.m */; };
		3A7382D015BF0D9E00E3E87A /* MapBox.framework in Frameworks */ = {isa = PBXBuildFile; fileRef = 3A7382CF15BF0D9E00E3E87A /* MapBox.framework */; };
		3A73E5D015546C8000279135 /* UIColor-Expanded.m in Sources */ = {isa = PBXBuildFile; fileRef = 3A73E5CF15546C8000279135 /* UIColor-Expanded.m */; settings = {COMPILER_FLAGS = "-fno-objc-arc"; }; };
		3A8681BC1541D01C00C9EE6F /* UIKit.framework in Frameworks */ = {isa = PBXBuildFile; fileRef = 3A8681BB1541D01C00C9EE6F /* UIKit.framework */; };
		3A8681BE1541D01C00C9EE6F /* Foundation.framework in Frameworks */ = {isa = PBXBuildFile; fileRef = 3A8681BD1541D01C00C9EE6F /* Foundation.framework */; };
		3A8681C01541D01C00C9EE6F /* CoreGraphics.framework in Frameworks */ = {isa = PBXBuildFile; fileRef = 3A8681BF1541D01C00C9EE6F /* CoreGraphics.framework */; };
		3A8681C61541D01C00C9EE6F /* InfoPlist.strings in Resources */ = {isa = PBXBuildFile; fileRef = 3A8681C41541D01C00C9EE6F /* InfoPlist.strings */; };
		3A8681C81541D01C00C9EE6F /* main.m in Sources */ = {isa = PBXBuildFile; fileRef = 3A8681C71541D01C00C9EE6F /* main.m */; };
		3A8681CC1541D01C00C9EE6F /* AppDelegate.m in Sources */ = {isa = PBXBuildFile; fileRef = 3A8681CB1541D01C00C9EE6F /* AppDelegate.m */; };
		3A8681D41541D01C00C9EE6F /* SenTestingKit.framework in Frameworks */ = {isa = PBXBuildFile; fileRef = 3A8681D31541D01C00C9EE6F /* SenTestingKit.framework */; };
		3A8681D51541D01C00C9EE6F /* UIKit.framework in Frameworks */ = {isa = PBXBuildFile; fileRef = 3A8681BB1541D01C00C9EE6F /* UIKit.framework */; };
		3A8681D61541D01C00C9EE6F /* Foundation.framework in Frameworks */ = {isa = PBXBuildFile; fileRef = 3A8681BD1541D01C00C9EE6F /* Foundation.framework */; };
		3A8683421541D52900C9EE6F /* ApplicationConfig.m in Sources */ = {isa = PBXBuildFile; fileRef = 3A8683411541D52900C9EE6F /* ApplicationConfig.m */; };
		3A8683491541D6DF00C9EE6F /* MapViewController.m in Sources */ = {isa = PBXBuildFile; fileRef = 3A8683481541D6DF00C9EE6F /* MapViewController.m */; };
		3A8683591541D9A600C9EE6F /* QuartzCore.framework in Frameworks */ = {isa = PBXBuildFile; fileRef = 3A8683581541D9A600C9EE6F /* QuartzCore.framework */; };
		3A86835B1541DC2800C9EE6F /* libsqlite3.dylib in Frameworks */ = {isa = PBXBuildFile; fileRef = 3A86835A1541DC2800C9EE6F /* libsqlite3.dylib */; };
		3A86837F1541E97900C9EE6F /* UNAMCU.mbtiles in Resources */ = {isa = PBXBuildFile; fileRef = 3A86837E1541E97900C9EE6F /* UNAMCU.mbtiles */; };
		3A8683801541EC1B00C9EE6F /* ApplicationConfig.m in Sources */ = {isa = PBXBuildFile; fileRef = 3A8683411541D52900C9EE6F /* ApplicationConfig.m */; };
		3ABC795415D2F2FE00364C5A /* HelpViewController.m in Sources */ = {isa = PBXBuildFile; fileRef = 3ABC795315D2F2FE00364C5A /* HelpViewController.m */; };
		3ABC795715D2F3F300364C5A /* SchedulesViewController.m in Sources */ = {isa = PBXBuildFile; fileRef = 3ABC795615D2F3F300364C5A /* SchedulesViewController.m */; };
		3ABC795E15D2F73600364C5A /* Localizable.strings in Resources */ = {isa = PBXBuildFile; fileRef = 3ABC795C15D2F73600364C5A /* Localizable.strings */; };
		3ABC796015D2F73E00364C5A /* Localizable.strings in Resources */ = {isa = PBXBuildFile; fileRef = 3ABC795C15D2F73600364C5A /* Localizable.strings */; };
		3ABC796315D301FE00364C5A /* TabBarViewController.m in Sources */ = {isa = PBXBuildFile; fileRef = 3ABC796215D301FE00364C5A /* TabBarViewController.m */; };
		3ABFF72015D9D1C100608A9A /* location.png in Resources */ = {isa = PBXBuildFile; fileRef = 3ABFF71E15D9D1C100608A9A /* location.png */; };
		3ABFF72115D9D1C100608A9A /* list.png in Resources */ = {isa = PBXBuildFile; fileRef = 3ABFF71F15D9D1C100608A9A /* list.png */; };
		3AD230AA15CC6B1E0081434C /* info.png in Resources */ = {isa = PBXBuildFile; fileRef = 3AD230A915CC6B1E0081434C /* info.png */; };
		3AD230AD15CC8FE20081434C /* VehicleOverlay.m in Sources */ = {isa = PBXBuildFile; fileRef = 3AD230AC15CC8FE20081434C /* VehicleOverlay.m */; };
		3AD2B5F915D9CC2C003C6745 /* arrow_right_2.png in Resources */ = {isa = PBXBuildFile; fileRef = 3AD2B5F715D9CC2C003C6745 /* arrow_right_2.png */; };
		3AD2B5FA15D9CC2C003C6745 /* back.png in Resources */ = {isa = PBXBuildFile; fileRef = 3AD2B5F815D9CC2C003C6745 /* back.png */; };
		3AD78C5615DD9FB60067A27E /* SelectedVehicleTuple.m in Sources */ = {isa = PBXBuildFile; fileRef = 3AD78C5515DD9FB60067A27E /* SelectedVehicleTuple.m */; };
		3AD78C5B15DDA6080067A27E /* VehicleAnnotation.m in Sources */ = {isa = PBXBuildFile; fileRef = 3AD78C5A15DDA6080067A27E /* VehicleAnnotation.m */; };
		3AD92B5D15D96EC60033204F /* close.png in Resources */ = {isa = PBXBuildFile; fileRef = 3AD92B5C15D96EC60033204F /* close.png */; };
		3AD92B5F15D9776C0033204F /* bus.png in Resources */ = {isa = PBXBuildFile; fileRef = 3AD92B5E15D9776C0033204F /* bus.png */; };
		3AD92B6515D97DF70033204F /* IIViewDeckController.m in Sources */ = {isa = PBXBuildFile; fileRef = 3AD92B6215D97DF70033204F /* IIViewDeckController.m */; };
		3AD92B6615D97DF70033204F /* WrapController.m in Sources */ = {isa = PBXBuildFile; fileRef = 3AD92B6415D97DF70033204F /* WrapController.m */; };
		3AD92B6915D97EF30033204F /* MenuViewController.m in Sources */ = {isa = PBXBuildFile; fileRef = 3AD92B6815D97EF30033204F /* MenuViewController.m */; };
		3AD92B6C15D97F5A0033204F /* UITableViewCellMenu.m in Sources */ = {isa = PBXBuildFile; fileRef = 3AD92B6B15D97F5A0033204F /* UITableViewCellMenu.m */; };
		3AD92B7215D982060033204F /* start.png in Resources */ = {isa = PBXBuildFile; fileRef = 3AD92B7115D982060033204F /* start.png */; };
		3AD92B7515D987AC0033204F /* arrow_right.png in Resources */ = {isa = PBXBuildFile; fileRef = 3AD92B7315D987AC0033204F /* arrow_right.png */; };
		3AD92B7615D987AC0033204F /* noise.png in Resources */ = {isa = PBXBuildFile; fileRef = 3AD92B7415D987AC0033204F /* noise.png */; };
		3ADF991215E805F200798464 /* UIViewPopover.m in Sources */ = {isa = PBXBuildFile; fileRef = 3ADF991115E805F200798464 /* UIViewPopover.m */; };
		3ADF991415E80E4B00798464 /* arrow_up.png in Resources */ = {isa = PBXBuildFile; fileRef = 3ADF991315E80E4B00798464 /* arrow_up.png */; };
		3ADF991A15E8155D00798464 /* outlets.png in Resources */ = {isa = PBXBuildFile; fileRef = 3ADF991915E8155D00798464 /* outlets.png */; };
		3ADF991C15E8159600798464 /* assault.png in Resources */ = {isa = PBXBuildFile; fileRef = 3ADF991B15E8159600798464 /* assault.png */; };
		3ADF991E15E8224400798464 /* routes.png in Resources */ = {isa = PBXBuildFile; fileRef = 3ADF991D15E8224300798464 /* routes.png */; };
		3ADF992015E8228F00798464 /* places.png in Resources */ = {isa = PBXBuildFile; fileRef = 3ADF991F15E8228F00798464 /* places.png */; };
		3ADF992315E82A3700798464 /* ReactiveFocusView.m in Sources */ = {isa = PBXBuildFile; fileRef = 3ADF992215E82A3700798464 /* ReactiveFocusView.m */; };
		3ADFF7B615544F8C003BACB6 /* CoreLocation.framework in Frameworks */ = {isa = PBXBuildFile; fileRef = 3ADFF7B515544F8C003BACB6 /* CoreLocation.framework */; };
		3AE25A1515CB0267000A7262 /* Gradients.m in Sources */ = {isa = PBXBuildFile; fileRef = 3AE25A1415CB0267000A7262 /* Gradients.m */; };
		3AE25A1715CB0BC4000A7262 /* logo.png in Resources */ = {isa = PBXBuildFile; fileRef = 3AE25A1615CB0BC4000A7262 /* logo.png */; };
/* End PBXBuildFile section */

/* Begin PBXContainerItemProxy section */
		3A8681D71541D01C00C9EE6F /* PBXContainerItemProxy */ = {
			isa = PBXContainerItemProxy;
			containerPortal = 3A8681AE1541D01C00C9EE6F /* Project object */;
			proxyType = 1;
			remoteGlobalIDString = 3A8681B61541D01C00C9EE6F;
			remoteInfo = TUM;
		};
/* End PBXContainerItemProxy section */

/* Begin PBXFileReference section */
		1709DE25155E01E90030548A /* pull.caf */ = {isa = PBXFileReference; lastKnownFileType = file; path = pull.caf; sourceTree = "<group>"; };
		1709DE27155E01F60030548A /* RUTA_01.png */ = {isa = PBXFileReference; lastKnownFileType = image.png; path = RUTA_01.png; sourceTree = "<group>"; };
		1709DE28155E01F60030548A /* RUTA_02.png */ = {isa = PBXFileReference; lastKnownFileType = image.png; path = RUTA_02.png; sourceTree = "<group>"; };
		1709DE29155E01F60030548A /* RUTA_03.png */ = {isa = PBXFileReference; lastKnownFileType = image.png; path = RUTA_03.png; sourceTree = "<group>"; };
		1709DE2A155E01F60030548A /* RUTA_04.png */ = {isa = PBXFileReference; lastKnownFileType = image.png; path = RUTA_04.png; sourceTree = "<group>"; };
		1709DE2B155E01F60030548A /* RUTA_05.png */ = {isa = PBXFileReference; lastKnownFileType = image.png; path = RUTA_05.png; sourceTree = "<group>"; };
		1709DE2C155E01F60030548A /* RUTA_06.png */ = {isa = PBXFileReference; lastKnownFileType = image.png; path = RUTA_06.png; sourceTree = "<group>"; };
		1709DE2D155E01F60030548A /* RUTA_07.png */ = {isa = PBXFileReference; lastKnownFileType = image.png; path = RUTA_07.png; sourceTree = "<group>"; };
		1709DE2E155E01F60030548A /* RUTA_08.png */ = {isa = PBXFileReference; lastKnownFileType = image.png; path = RUTA_08.png; sourceTree = "<group>"; };
		1709DE2F155E01F60030548A /* RUTA_09.png */ = {isa = PBXFileReference; lastKnownFileType = image.png; path = RUTA_09.png; sourceTree = "<group>"; };
		1709DE30155E01F60030548A /* RUTA_10.png */ = {isa = PBXFileReference; lastKnownFileType = image.png; path = RUTA_10.png; sourceTree = "<group>"; };
		1709DE31155E01F60030548A /* RUTA_11.png */ = {isa = PBXFileReference; lastKnownFileType = image.png; path = RUTA_11.png; sourceTree = "<group>"; };
		1709DE32155E01F60030548A /* RUTA_12.png */ = {isa = PBXFileReference; lastKnownFileType = image.png; path = RUTA_12.png; sourceTree = "<group>"; };
		17406679155C356D00E2DE86 /* Vehicle.h */ = {isa = PBXFileReference; fileEncoding = 4; lastKnownFileType = sourcecode.c.h; path = Vehicle.h; sourceTree = "<group>"; };
		1740667A155C356D00E2DE86 /* Vehicle.m */ = {isa = PBXFileReference; fileEncoding = 4; lastKnownFileType = sourcecode.c.objc; path = Vehicle.m; sourceTree = "<group>"; };
		1740667C155C43EB00E2DE86 /* Instants.h */ = {isa = PBXFileReference; fileEncoding = 4; lastKnownFileType = sourcecode.c.h; path = Instants.h; sourceTree = "<group>"; };
		1740667D155C43EB00E2DE86 /* Instants.m */ = {isa = PBXFileReference; fileEncoding = 4; lastKnownFileType = sourcecode.c.objc; path = Instants.m; sourceTree = "<group>"; };
		1740667F155C4AC500E2DE86 /* Instant.h */ = {isa = PBXFileReference; fileEncoding = 4; lastKnownFileType = sourcecode.c.h; path = Instant.h; sourceTree = "<group>"; };
		17406680155C4AC500E2DE86 /* Instant.m */ = {isa = PBXFileReference; fileEncoding = 4; lastKnownFileType = sourcecode.c.objc; path = Instant.m; sourceTree = "<group>"; };
		1786B9951557B5CA004082C7 /* UITableViewCellForRouteRow.h */ = {isa = PBXFileReference; fileEncoding = 4; lastKnownFileType = sourcecode.c.h; path = UITableViewCellForRouteRow.h; sourceTree = "<group>"; };
		1786B9961557B5CA004082C7 /* UITableViewCellForRouteRow.m */ = {isa = PBXFileReference; fileEncoding = 4; lastKnownFileType = sourcecode.c.objc; path = UITableViewCellForRouteRow.m; sourceTree = "<group>"; };
		17A166EC15563A3C006CBD0D /* FrontViewController.h */ = {isa = PBXFileReference; fileEncoding = 4; lastKnownFileType = sourcecode.c.h; path = FrontViewController.h; sourceTree = "<group>"; };
		17A166ED15563A3C006CBD0D /* FrontViewController.m */ = {isa = PBXFileReference; fileEncoding = 4; lastKnownFileType = sourcecode.c.objc; path = FrontViewController.m; sourceTree = "<group>"; };
		17A166EF15563CFE006CBD0D /* front.png */ = {isa = PBXFileReference; lastKnownFileType = image.png; path = front.png; sourceTree = "<group>"; };
		17A289F4155F24CC00CEBAC1 /* InstantRMMarker.h */ = {isa = PBXFileReference; fileEncoding = 4; lastKnownFileType = sourcecode.c.h; path = InstantRMMarker.h; sourceTree = "<group>"; };
		17A289F5155F24CD00CEBAC1 /* InstantRMMarker.m */ = {isa = PBXFileReference; fileEncoding = 4; lastKnownFileType = sourcecode.c.objc; path = InstantRMMarker.m; sourceTree = "<group>"; };
		17A28A07155F433200CEBAC1 /* ReportsViewController.h */ = {isa = PBXFileReference; fileEncoding = 4; lastKnownFileType = sourcecode.c.h; path = ReportsViewController.h; sourceTree = "<group>"; };
		17A28A08155F433200CEBAC1 /* ReportsViewController.m */ = {isa = PBXFileReference; fileEncoding = 4; lastKnownFileType = sourcecode.c.objc; path = ReportsViewController.m; sourceTree = "<group>"; };
		17A28A0A155F440800CEBAC1 /* refresh.png */ = {isa = PBXFileReference; lastKnownFileType = image.png; path = refresh.png; sourceTree = "<group>"; };
		17A28A0C155F447E00CEBAC1 /* alert.png */ = {isa = PBXFileReference; lastKnownFileType = image.png; path = alert.png; sourceTree = "<group>"; };
		17A2A2941555812200B83317 /* RoutesViewController.h */ = {isa = PBXFileReference; fileEncoding = 4; lastKnownFileType = sourcecode.c.h; path = RoutesViewController.h; sourceTree = "<group>"; };
		17A2A2951555812200B83317 /* RoutesViewController.m */ = {isa = PBXFileReference; fileEncoding = 4; lastKnownFileType = sourcecode.c.objc; path = RoutesViewController.m; sourceTree = "<group>"; };
		17A817F415BC632500E2E773 /* grid.png */ = {isa = PBXFileReference; lastKnownFileType = image.png; path = grid.png; sourceTree = "<group>"; };
		17A817F615BC699000E2E773 /* OverlayLegend.h */ = {isa = PBXFileReference; fileEncoding = 4; lastKnownFileType = sourcecode.c.h; path = OverlayLegend.h; sourceTree = "<group>"; };
		17A817F715BC699000E2E773 /* OverlayLegend.m */ = {isa = PBXFileReference; fileEncoding = 4; lastKnownFileType = sourcecode.c.objc; path = OverlayLegend.m; sourceTree = "<group>"; };
		17A817FB15BC73E400E2E773 /* legend.png */ = {isa = PBXFileReference; lastKnownFileType = image.png; path = legend.png; sourceTree = "<group>"; };
		17A817FD15BC7FEA00E2E773 /* ActionButton.h */ = {isa = PBXFileReference; fileEncoding = 4; lastKnownFileType = sourcecode.c.h; path = ActionButton.h; sourceTree = SOURCE_ROOT; };
		17D6C98115B9E3D4008FD431 /* HelpButton.h */ = {isa = PBXFileReference; fileEncoding = 4; lastKnownFileType = sourcecode.c.h; path = HelpButton.h; sourceTree = "<group>"; };
		17D6C98215B9E3D4008FD431 /* HelpButton.m */ = {isa = PBXFileReference; fileEncoding = 4; lastKnownFileType = sourcecode.c.objc; path = HelpButton.m; sourceTree = "<group>"; };
		17D6C98715BA01A8008FD431 /* routes.json */ = {isa = PBXFileReference; fileEncoding = 4; lastKnownFileType = text.json; path = routes.json; sourceTree = "<group>"; };
		17D9F80F1558E95100737392 /* Routes.h */ = {isa = PBXFileReference; fileEncoding = 4; lastKnownFileType = sourcecode.c.h; path = Routes.h; sourceTree = "<group>"; };
		17D9F8101558E95100737392 /* Routes.m */ = {isa = PBXFileReference; fileEncoding = 4; lastKnownFileType = sourcecode.c.objc; path = Routes.m; sourceTree = "<group>"; };
		17D9F8121558E97C00737392 /* Vehicles.h */ = {isa = PBXFileReference; fileEncoding = 4; lastKnownFileType = sourcecode.c.h; path = Vehicles.h; sourceTree = "<group>"; };
		17D9F8131558E97C00737392 /* Vehicles.m */ = {isa = PBXFileReference; fileEncoding = 4; lastKnownFileType = sourcecode.c.objc; path = Vehicles.m; sourceTree = "<group>"; };
		17DF31F21558B657002B1DBD /* OvermapButton.h */ = {isa = PBXFileReference; fileEncoding = 4; lastKnownFileType = sourcecode.c.h; path = OvermapButton.h; sourceTree = "<group>"; };
		17DF31F31558B657002B1DBD /* OvermapButton.m */ = {isa = PBXFileReference; fileEncoding = 4; lastKnownFileType = sourcecode.c.objc; path = OvermapButton.m; sourceTree = "<group>"; };
		17DF31F51558B66A002B1DBD /* localize.png */ = {isa = PBXFileReference; lastKnownFileType = image.png; path = localize.png; sourceTree = "<group>"; };
		17DF32011558BF4C002B1DBD /* AVFoundation.framework */ = {isa = PBXFileReference; lastKnownFileType = wrapper.framework; name = AVFoundation.framework; path = System/Library/Frameworks/AVFoundation.framework; sourceTree = SDKROOT; };
		3A0ECDDD154895F700919614 /* home.png */ = {isa = PBXFileReference; lastKnownFileType = image.png; path = home.png; sourceTree = "<group>"; };
		3A0ECDDE154895F700919614 /* map.png */ = {isa = PBXFileReference; lastKnownFileType = image.png; path = map.png; sourceTree = "<group>"; };
		3A0ECE5A1548AAE500919614 /* routes.plist */ = {isa = PBXFileReference; fileEncoding = 4; lastKnownFileType = text.plist.xml; path = routes.plist; sourceTree = "<group>"; };
		3A0ECE851548B62F00919614 /* NSObject+SBJson.h */ = {isa = PBXFileReference; fileEncoding = 4; lastKnownFileType = sourcecode.c.h; path = "NSObject+SBJson.h"; sourceTree = "<group>"; };
		3A0ECE861548B62F00919614 /* NSObject+SBJson.m */ = {isa = PBXFileReference; fileEncoding = 4; lastKnownFileType = sourcecode.c.objc; path = "NSObject+SBJson.m"; sourceTree = "<group>"; };
		3A0ECE871548B62F00919614 /* SBJson.h */ = {isa = PBXFileReference; fileEncoding = 4; lastKnownFileType = sourcecode.c.h; path = SBJson.h; sourceTree = "<group>"; };
		3A0ECE881548B62F00919614 /* SBJsonParser.h */ = {isa = PBXFileReference; fileEncoding = 4; lastKnownFileType = sourcecode.c.h; path = SBJsonParser.h; sourceTree = "<group>"; };
		3A0ECE891548B62F00919614 /* SBJsonParser.m */ = {isa = PBXFileReference; fileEncoding = 4; lastKnownFileType = sourcecode.c.objc; path = SBJsonParser.m; sourceTree = "<group>"; };
		3A0ECE8A1548B62F00919614 /* SBJsonStreamParser.h */ = {isa = PBXFileReference; fileEncoding = 4; lastKnownFileType = sourcecode.c.h; path = SBJsonStreamParser.h; sourceTree = "<group>"; };
		3A0ECE8B1548B62F00919614 /* SBJsonStreamParser.m */ = {isa = PBXFileReference; fileEncoding = 4; lastKnownFileType = sourcecode.c.objc; path = SBJsonStreamParser.m; sourceTree = "<group>"; };
		3A0ECE8C1548B62F00919614 /* SBJsonStreamParserAccumulator.h */ = {isa = PBXFileReference; fileEncoding = 4; lastKnownFileType = sourcecode.c.h; path = SBJsonStreamParserAccumulator.h; sourceTree = "<group>"; };
		3A0ECE8D1548B62F00919614 /* SBJsonStreamParserAccumulator.m */ = {isa = PBXFileReference; fileEncoding = 4; lastKnownFileType = sourcecode.c.objc; path = SBJsonStreamParserAccumulator.m; sourceTree = "<group>"; };
		3A0ECE8E1548B62F00919614 /* SBJsonStreamParserAdapter.h */ = {isa = PBXFileReference; fileEncoding = 4; lastKnownFileType = sourcecode.c.h; path = SBJsonStreamParserAdapter.h; sourceTree = "<group>"; };
		3A0ECE8F1548B62F00919614 /* SBJsonStreamParserAdapter.m */ = {isa = PBXFileReference; fileEncoding = 4; lastKnownFileType = sourcecode.c.objc; path = SBJsonStreamParserAdapter.m; sourceTree = "<group>"; };
		3A0ECE901548B62F00919614 /* SBJsonStreamParserState.h */ = {isa = PBXFileReference; fileEncoding = 4; lastKnownFileType = sourcecode.c.h; path = SBJsonStreamParserState.h; sourceTree = "<group>"; };
		3A0ECE911548B62F00919614 /* SBJsonStreamParserState.m */ = {isa = PBXFileReference; fileEncoding = 4; lastKnownFileType = sourcecode.c.objc; path = SBJsonStreamParserState.m; sourceTree = "<group>"; };
		3A0ECE921548B62F00919614 /* SBJsonStreamWriter.h */ = {isa = PBXFileReference; fileEncoding = 4; lastKnownFileType = sourcecode.c.h; path = SBJsonStreamWriter.h; sourceTree = "<group>"; };
		3A0ECE931548B62F00919614 /* SBJsonStreamWriter.m */ = {isa = PBXFileReference; fileEncoding = 4; lastKnownFileType = sourcecode.c.objc; path = SBJsonStreamWriter.m; sourceTree = "<group>"; };
		3A0ECE941548B62F00919614 /* SBJsonStreamWriterAccumulator.h */ = {isa = PBXFileReference; fileEncoding = 4; lastKnownFileType = sourcecode.c.h; path = SBJsonStreamWriterAccumulator.h; sourceTree = "<group>"; };
		3A0ECE951548B62F00919614 /* SBJsonStreamWriterAccumulator.m */ = {isa = PBXFileReference; fileEncoding = 4; lastKnownFileType = sourcecode.c.objc; path = SBJsonStreamWriterAccumulator.m; sourceTree = "<group>"; };
		3A0ECE961548B62F00919614 /* SBJsonStreamWriterState.h */ = {isa = PBXFileReference; fileEncoding = 4; lastKnownFileType = sourcecode.c.h; path = SBJsonStreamWriterState.h; sourceTree = "<group>"; };
		3A0ECE971548B62F00919614 /* SBJsonStreamWriterState.m */ = {isa = PBXFileReference; fileEncoding = 4; lastKnownFileType = sourcecode.c.objc; path = SBJsonStreamWriterState.m; sourceTree = "<group>"; };
		3A0ECE981548B62F00919614 /* SBJsonTokeniser.h */ = {isa = PBXFileReference; fileEncoding = 4; lastKnownFileType = sourcecode.c.h; path = SBJsonTokeniser.h; sourceTree = "<group>"; };
		3A0ECE991548B62F00919614 /* SBJsonTokeniser.m */ = {isa = PBXFileReference; fileEncoding = 4; lastKnownFileType = sourcecode.c.objc; path = SBJsonTokeniser.m; sourceTree = "<group>"; };
		3A0ECE9A1548B62F00919614 /* SBJsonUTF8Stream.h */ = {isa = PBXFileReference; fileEncoding = 4; lastKnownFileType = sourcecode.c.h; path = SBJsonUTF8Stream.h; sourceTree = "<group>"; };
		3A0ECE9B1548B62F00919614 /* SBJsonUTF8Stream.m */ = {isa = PBXFileReference; fileEncoding = 4; lastKnownFileType = sourcecode.c.objc; path = SBJsonUTF8Stream.m; sourceTree = "<group>"; };
		3A0ECE9C1548B62F00919614 /* SBJsonWriter.h */ = {isa = PBXFileReference; fileEncoding = 4; lastKnownFileType = sourcecode.c.h; path = SBJsonWriter.h; sourceTree = "<group>"; };
		3A0ECE9D1548B62F00919614 /* SBJsonWriter.m */ = {isa = PBXFileReference; fileEncoding = 4; lastKnownFileType = sourcecode.c.objc; path = SBJsonWriter.m; sourceTree = "<group>"; };
		3A0ECEAB1548BB1100919614 /* ASIAuthenticationDialog.h */ = {isa = PBXFileReference; fileEncoding = 4; lastKnownFileType = sourcecode.c.h; path = ASIAuthenticationDialog.h; sourceTree = "<group>"; };
		3A0ECEAC1548BB1100919614 /* ASIAuthenticationDialog.m */ = {isa = PBXFileReference; fileEncoding = 4; lastKnownFileType = sourcecode.c.objc; path = ASIAuthenticationDialog.m; sourceTree = "<group>"; };
		3A0ECEAD1548BB1100919614 /* ASICacheDelegate.h */ = {isa = PBXFileReference; fileEncoding = 4; lastKnownFileType = sourcecode.c.h; path = ASICacheDelegate.h; sourceTree = "<group>"; };
		3A0ECEAE1548BB1100919614 /* ASIDataCompressor.h */ = {isa = PBXFileReference; fileEncoding = 4; lastKnownFileType = sourcecode.c.h; path = ASIDataCompressor.h; sourceTree = "<group>"; };
		3A0ECEAF1548BB1100919614 /* ASIDataCompressor.m */ = {isa = PBXFileReference; fileEncoding = 4; lastKnownFileType = sourcecode.c.objc; path = ASIDataCompressor.m; sourceTree = "<group>"; };
		3A0ECEB01548BB1100919614 /* ASIDataDecompressor.h */ = {isa = PBXFileReference; fileEncoding = 4; lastKnownFileType = sourcecode.c.h; path = ASIDataDecompressor.h; sourceTree = "<group>"; };
		3A0ECEB11548BB1100919614 /* ASIDataDecompressor.m */ = {isa = PBXFileReference; fileEncoding = 4; lastKnownFileType = sourcecode.c.objc; path = ASIDataDecompressor.m; sourceTree = "<group>"; };
		3A0ECEB21548BB1100919614 /* ASIDownloadCache.h */ = {isa = PBXFileReference; fileEncoding = 4; lastKnownFileType = sourcecode.c.h; path = ASIDownloadCache.h; sourceTree = "<group>"; };
		3A0ECEB31548BB1100919614 /* ASIDownloadCache.m */ = {isa = PBXFileReference; fileEncoding = 4; lastKnownFileType = sourcecode.c.objc; path = ASIDownloadCache.m; sourceTree = "<group>"; };
		3A0ECEB41548BB1100919614 /* ASIFormDataRequest.h */ = {isa = PBXFileReference; fileEncoding = 4; lastKnownFileType = sourcecode.c.h; path = ASIFormDataRequest.h; sourceTree = "<group>"; };
		3A0ECEB51548BB1100919614 /* ASIFormDataRequest.m */ = {isa = PBXFileReference; fileEncoding = 4; lastKnownFileType = sourcecode.c.objc; path = ASIFormDataRequest.m; sourceTree = "<group>"; };
		3A0ECEB61548BB1100919614 /* ASIHTTPRequest.h */ = {isa = PBXFileReference; fileEncoding = 4; lastKnownFileType = sourcecode.c.h; path = ASIHTTPRequest.h; sourceTree = "<group>"; };
		3A0ECEB71548BB1100919614 /* ASIHTTPRequest.m */ = {isa = PBXFileReference; fileEncoding = 4; lastKnownFileType = sourcecode.c.objc; path = ASIHTTPRequest.m; sourceTree = "<group>"; };
		3A0ECEB81548BB1100919614 /* ASIHTTPRequestConfig.h */ = {isa = PBXFileReference; fileEncoding = 4; lastKnownFileType = sourcecode.c.h; path = ASIHTTPRequestConfig.h; sourceTree = "<group>"; };
		3A0ECEB91548BB1100919614 /* ASIHTTPRequestDelegate.h */ = {isa = PBXFileReference; fileEncoding = 4; lastKnownFileType = sourcecode.c.h; path = ASIHTTPRequestDelegate.h; sourceTree = "<group>"; };
		3A0ECEBA1548BB1100919614 /* ASIInputStream.h */ = {isa = PBXFileReference; fileEncoding = 4; lastKnownFileType = sourcecode.c.h; path = ASIInputStream.h; sourceTree = "<group>"; };
		3A0ECEBB1548BB1100919614 /* ASIInputStream.m */ = {isa = PBXFileReference; fileEncoding = 4; lastKnownFileType = sourcecode.c.objc; path = ASIInputStream.m; sourceTree = "<group>"; };
		3A0ECEBC1548BB1100919614 /* ASINetworkQueue.h */ = {isa = PBXFileReference; fileEncoding = 4; lastKnownFileType = sourcecode.c.h; path = ASINetworkQueue.h; sourceTree = "<group>"; };
		3A0ECEBD1548BB1100919614 /* ASINetworkQueue.m */ = {isa = PBXFileReference; fileEncoding = 4; lastKnownFileType = sourcecode.c.objc; path = ASINetworkQueue.m; sourceTree = "<group>"; };
		3A0ECEBE1548BB1100919614 /* ASIProgressDelegate.h */ = {isa = PBXFileReference; fileEncoding = 4; lastKnownFileType = sourcecode.c.h; path = ASIProgressDelegate.h; sourceTree = "<group>"; };
		3A0ECEC31548BB1100919614 /* ASICloudFilesCDNRequest.h */ = {isa = PBXFileReference; fileEncoding = 4; lastKnownFileType = sourcecode.c.h; path = ASICloudFilesCDNRequest.h; sourceTree = "<group>"; };
		3A0ECEC41548BB1100919614 /* ASICloudFilesCDNRequest.m */ = {isa = PBXFileReference; fileEncoding = 4; lastKnownFileType = sourcecode.c.objc; path = ASICloudFilesCDNRequest.m; sourceTree = "<group>"; };
		3A0ECEC51548BB1100919614 /* ASICloudFilesContainer.h */ = {isa = PBXFileReference; fileEncoding = 4; lastKnownFileType = sourcecode.c.h; path = ASICloudFilesContainer.h; sourceTree = "<group>"; };
		3A0ECEC61548BB1100919614 /* ASICloudFilesContainer.m */ = {isa = PBXFileReference; fileEncoding = 4; lastKnownFileType = sourcecode.c.objc; path = ASICloudFilesContainer.m; sourceTree = "<group>"; };
		3A0ECEC71548BB1100919614 /* ASICloudFilesContainerRequest.h */ = {isa = PBXFileReference; fileEncoding = 4; lastKnownFileType = sourcecode.c.h; path = ASICloudFilesContainerRequest.h; sourceTree = "<group>"; };
		3A0ECEC81548BB1100919614 /* ASICloudFilesContainerRequest.m */ = {isa = PBXFileReference; fileEncoding = 4; lastKnownFileType = sourcecode.c.objc; path = ASICloudFilesContainerRequest.m; sourceTree = "<group>"; };
		3A0ECEC91548BB1100919614 /* ASICloudFilesContainerXMLParserDelegate.h */ = {isa = PBXFileReference; fileEncoding = 4; lastKnownFileType = sourcecode.c.h; path = ASICloudFilesContainerXMLParserDelegate.h; sourceTree = "<group>"; };
		3A0ECECA1548BB1100919614 /* ASICloudFilesContainerXMLParserDelegate.m */ = {isa = PBXFileReference; fileEncoding = 4; lastKnownFileType = sourcecode.c.objc; path = ASICloudFilesContainerXMLParserDelegate.m; sourceTree = "<group>"; };
		3A0ECECB1548BB1100919614 /* ASICloudFilesObject.h */ = {isa = PBXFileReference; fileEncoding = 4; lastKnownFileType = sourcecode.c.h; path = ASICloudFilesObject.h; sourceTree = "<group>"; };
		3A0ECECC1548BB1100919614 /* ASICloudFilesObject.m */ = {isa = PBXFileReference; fileEncoding = 4; lastKnownFileType = sourcecode.c.objc; path = ASICloudFilesObject.m; sourceTree = "<group>"; };
		3A0ECECD1548BB1100919614 /* ASICloudFilesObjectRequest.h */ = {isa = PBXFileReference; fileEncoding = 4; lastKnownFileType = sourcecode.c.h; path = ASICloudFilesObjectRequest.h; sourceTree = "<group>"; };
		3A0ECECE1548BB1100919614 /* ASICloudFilesObjectRequest.m */ = {isa = PBXFileReference; fileEncoding = 4; lastKnownFileType = sourcecode.c.objc; path = ASICloudFilesObjectRequest.m; sourceTree = "<group>"; };
		3A0ECECF1548BB1100919614 /* ASICloudFilesRequest.h */ = {isa = PBXFileReference; fileEncoding = 4; lastKnownFileType = sourcecode.c.h; path = ASICloudFilesRequest.h; sourceTree = "<group>"; };
		3A0ECED01548BB1100919614 /* ASICloudFilesRequest.m */ = {isa = PBXFileReference; fileEncoding = 4; lastKnownFileType = sourcecode.c.objc; path = ASICloudFilesRequest.m; sourceTree = "<group>"; };
		3A0ECED21548BB1100919614 /* ASINSXMLParserCompat.h */ = {isa = PBXFileReference; fileEncoding = 4; lastKnownFileType = sourcecode.c.h; path = ASINSXMLParserCompat.h; sourceTree = "<group>"; };
		3A0ECED31548BB1100919614 /* ASIS3Bucket.h */ = {isa = PBXFileReference; fileEncoding = 4; lastKnownFileType = sourcecode.c.h; path = ASIS3Bucket.h; sourceTree = "<group>"; };
		3A0ECED41548BB1100919614 /* ASIS3Bucket.m */ = {isa = PBXFileReference; fileEncoding = 4; lastKnownFileType = sourcecode.c.objc; path = ASIS3Bucket.m; sourceTree = "<group>"; };
		3A0ECED51548BB1100919614 /* ASIS3BucketObject.h */ = {isa = PBXFileReference; fileEncoding = 4; lastKnownFileType = sourcecode.c.h; path = ASIS3BucketObject.h; sourceTree = "<group>"; };
		3A0ECED61548BB1100919614 /* ASIS3BucketObject.m */ = {isa = PBXFileReference; fileEncoding = 4; lastKnownFileType = sourcecode.c.objc; path = ASIS3BucketObject.m; sourceTree = "<group>"; };
		3A0ECED71548BB1100919614 /* ASIS3BucketRequest.h */ = {isa = PBXFileReference; fileEncoding = 4; lastKnownFileType = sourcecode.c.h; path = ASIS3BucketRequest.h; sourceTree = "<group>"; };
		3A0ECED81548BB1100919614 /* ASIS3BucketRequest.m */ = {isa = PBXFileReference; fileEncoding = 4; lastKnownFileType = sourcecode.c.objc; path = ASIS3BucketRequest.m; sourceTree = "<group>"; };
		3A0ECED91548BB1100919614 /* ASIS3ObjectRequest.h */ = {isa = PBXFileReference; fileEncoding = 4; lastKnownFileType = sourcecode.c.h; path = ASIS3ObjectRequest.h; sourceTree = "<group>"; };
		3A0ECEDA1548BB1100919614 /* ASIS3ObjectRequest.m */ = {isa = PBXFileReference; fileEncoding = 4; lastKnownFileType = sourcecode.c.objc; path = ASIS3ObjectRequest.m; sourceTree = "<group>"; };
		3A0ECEDB1548BB1100919614 /* ASIS3Request.h */ = {isa = PBXFileReference; fileEncoding = 4; lastKnownFileType = sourcecode.c.h; path = ASIS3Request.h; sourceTree = "<group>"; };
		3A0ECEDC1548BB1100919614 /* ASIS3Request.m */ = {isa = PBXFileReference; fileEncoding = 4; lastKnownFileType = sourcecode.c.objc; path = ASIS3Request.m; sourceTree = "<group>"; };
		3A0ECEDD1548BB1100919614 /* ASIS3ServiceRequest.h */ = {isa = PBXFileReference; fileEncoding = 4; lastKnownFileType = sourcecode.c.h; path = ASIS3ServiceRequest.h; sourceTree = "<group>"; };
		3A0ECEDE1548BB1100919614 /* ASIS3ServiceRequest.m */ = {isa = PBXFileReference; fileEncoding = 4; lastKnownFileType = sourcecode.c.objc; path = ASIS3ServiceRequest.m; sourceTree = "<group>"; };
		3A0ECF221548BC9400919614 /* CFNetwork.framework */ = {isa = PBXFileReference; lastKnownFileType = wrapper.framework; name = CFNetwork.framework; path = System/Library/Frameworks/CFNetwork.framework; sourceTree = SDKROOT; };
		3A0ECF241548BDFC00919614 /* Reachability.h */ = {isa = PBXFileReference; fileEncoding = 4; lastKnownFileType = sourcecode.c.h; path = Reachability.h; sourceTree = "<group>"; };
		3A0ECF251548BDFC00919614 /* Reachability.m */ = {isa = PBXFileReference; fileEncoding = 4; lastKnownFileType = sourcecode.c.objc; path = Reachability.m; sourceTree = "<group>"; };
		3A0ECF281548BE5600919614 /* SystemConfiguration.framework */ = {isa = PBXFileReference; lastKnownFileType = wrapper.framework; name = SystemConfiguration.framework; path = System/Library/Frameworks/SystemConfiguration.framework; sourceTree = SDKROOT; };
		3A0ECF2A1548BE6000919614 /* MobileCoreServices.framework */ = {isa = PBXFileReference; lastKnownFileType = wrapper.framework; name = MobileCoreServices.framework; path = System/Library/Frameworks/MobileCoreServices.framework; sourceTree = SDKROOT; };
		3A0ECF2C1548BE7000919614 /* libz.dylib */ = {isa = PBXFileReference; lastKnownFileType = "compiled.mach-o.dylib"; name = libz.dylib; path = usr/lib/libz.dylib; sourceTree = SDKROOT; };
		3A17CA7315E4049F00B0AEAD /* stations.plist */ = {isa = PBXFileReference; fileEncoding = 4; lastKnownFileType = text.plist.xml; path = stations.plist; sourceTree = "<group>"; };
		3A17CA7615E404AF00B0AEAD /* stop.png */ = {isa = PBXFileReference; lastKnownFileType = image.png; path = stop.png; sourceTree = "<group>"; };
		3A17CA7815E4064400B0AEAD /* Station.h */ = {isa = PBXFileReference; fileEncoding = 4; lastKnownFileType = sourcecode.c.h; path = Station.h; sourceTree = "<group>"; };
		3A17CA7915E4064400B0AEAD /* Station.m */ = {isa = PBXFileReference; fileEncoding = 4; lastKnownFileType = sourcecode.c.objc; path = Station.m; sourceTree = "<group>"; };
		3A17CA7B15E4070F00B0AEAD /* Stations.h */ = {isa = PBXFileReference; fileEncoding = 4; lastKnownFileType = sourcecode.c.h; path = Stations.h; sourceTree = "<group>"; };
		3A17CA7C15E4070F00B0AEAD /* Stations.m */ = {isa = PBXFileReference; fileEncoding = 4; lastKnownFileType = sourcecode.c.objc; path = Stations.m; sourceTree = "<group>"; };
		3A40E75B1551D0B9009A0A68 /* Route.h */ = {isa = PBXFileReference; fileEncoding = 4; lastKnownFileType = sourcecode.c.h; path = Route.h; sourceTree = "<group>"; };
		3A40E75C1551D0B9009A0A68 /* Route.m */ = {isa = PBXFileReference; fileEncoding = 4; lastKnownFileType = sourcecode.c.objc; path = Route.m; sourceTree = "<group>"; };
		3A7382CF15BF0D9E00E3E87A /* MapBox.framework */ = {isa = PBXFileReference; lastKnownFileType = wrapper.framework; name = MapBox.framework; path = TUM/Libraries/MapBox.framework; sourceTree = "<group>"; };
		3A73E5CE15546C8000279135 /* UIColor-Expanded.h */ = {isa = PBXFileReference; fileEncoding = 4; lastKnownFileType = sourcecode.c.h; path = "UIColor-Expanded.h"; sourceTree = "<group>"; };
		3A73E5CF15546C8000279135 /* UIColor-Expanded.m */ = {isa = PBXFileReference; fileEncoding = 4; lastKnownFileType = sourcecode.c.objc; path = "UIColor-Expanded.m"; sourceTree = "<group>"; };
		3A8681B71541D01C00C9EE6F /* TUM.app */ = {isa = PBXFileReference; explicitFileType = wrapper.application; includeInIndex = 0; path = TUM.app; sourceTree = BUILT_PRODUCTS_DIR; };
		3A8681BB1541D01C00C9EE6F /* UIKit.framework */ = {isa = PBXFileReference; lastKnownFileType = wrapper.framework; name = UIKit.framework; path = System/Library/Frameworks/UIKit.framework; sourceTree = SDKROOT; };
		3A8681BD1541D01C00C9EE6F /* Foundation.framework */ = {isa = PBXFileReference; lastKnownFileType = wrapper.framework; name = Foundation.framework; path = System/Library/Frameworks/Foundation.framework; sourceTree = SDKROOT; };
		3A8681BF1541D01C00C9EE6F /* CoreGraphics.framework */ = {isa = PBXFileReference; lastKnownFileType = wrapper.framework; name = CoreGraphics.framework; path = System/Library/Frameworks/CoreGraphics.framework; sourceTree = SDKROOT; };
		3A8681C31541D01C00C9EE6F /* TUM-Info.plist */ = {isa = PBXFileReference; lastKnownFileType = text.plist.xml; path = "TUM-Info.plist"; sourceTree = "<group>"; };
		3A8681C51541D01C00C9EE6F /* en */ = {isa = PBXFileReference; lastKnownFileType = text.plist.strings; name = en; path = en.lproj/InfoPlist.strings; sourceTree = "<group>"; };
		3A8681C71541D01C00C9EE6F /* main.m */ = {isa = PBXFileReference; lastKnownFileType = sourcecode.c.objc; path = main.m; sourceTree = "<group>"; };
		3A8681C91541D01C00C9EE6F /* TUM-Prefix.pch */ = {isa = PBXFileReference; lastKnownFileType = sourcecode.c.h; path = "TUM-Prefix.pch"; sourceTree = "<group>"; };
		3A8681CA1541D01C00C9EE6F /* AppDelegate.h */ = {isa = PBXFileReference; lastKnownFileType = sourcecode.c.h; path = AppDelegate.h; sourceTree = "<group>"; };
		3A8681CB1541D01C00C9EE6F /* AppDelegate.m */ = {isa = PBXFileReference; lastKnownFileType = sourcecode.c.objc; path = AppDelegate.m; sourceTree = "<group>"; };
		3A8681D21541D01C00C9EE6F /* TUMTests.octest */ = {isa = PBXFileReference; explicitFileType = wrapper.cfbundle; includeInIndex = 0; path = TUMTests.octest; sourceTree = BUILT_PRODUCTS_DIR; };
		3A8681D31541D01C00C9EE6F /* SenTestingKit.framework */ = {isa = PBXFileReference; lastKnownFileType = wrapper.framework; name = SenTestingKit.framework; path = Library/Frameworks/SenTestingKit.framework; sourceTree = DEVELOPER_DIR; };
		3A8683401541D52900C9EE6F /* ApplicationConfig.h */ = {isa = PBXFileReference; fileEncoding = 4; lastKnownFileType = sourcecode.c.h; path = ApplicationConfig.h; sourceTree = "<group>"; };
		3A8683411541D52900C9EE6F /* ApplicationConfig.m */ = {isa = PBXFileReference; fileEncoding = 4; lastKnownFileType = sourcecode.c.objc; path = ApplicationConfig.m; sourceTree = "<group>"; };
		3A8683471541D6DF00C9EE6F /* MapViewController.h */ = {isa = PBXFileReference; fileEncoding = 4; lastKnownFileType = sourcecode.c.h; path = MapViewController.h; sourceTree = "<group>"; };
		3A8683481541D6DF00C9EE6F /* MapViewController.m */ = {isa = PBXFileReference; fileEncoding = 4; lastKnownFileType = sourcecode.c.objc; path = MapViewController.m; sourceTree = "<group>"; };
		3A8683581541D9A600C9EE6F /* QuartzCore.framework */ = {isa = PBXFileReference; lastKnownFileType = wrapper.framework; name = QuartzCore.framework; path = System/Library/Frameworks/QuartzCore.framework; sourceTree = SDKROOT; };
		3A86835A1541DC2800C9EE6F /* libsqlite3.dylib */ = {isa = PBXFileReference; lastKnownFileType = "compiled.mach-o.dylib"; name = libsqlite3.dylib; path = usr/lib/libsqlite3.dylib; sourceTree = SDKROOT; };
		3A86837E1541E97900C9EE6F /* UNAMCU.mbtiles */ = {isa = PBXFileReference; lastKnownFileType = file; path = UNAMCU.mbtiles; sourceTree = "<group>"; };
		3ABC795215D2F2FE00364C5A /* HelpViewController.h */ = {isa = PBXFileReference; fileEncoding = 4; lastKnownFileType = sourcecode.c.h; path = HelpViewController.h; sourceTree = "<group>"; };
		3ABC795315D2F2FE00364C5A /* HelpViewController.m */ = {isa = PBXFileReference; fileEncoding = 4; lastKnownFileType = sourcecode.c.objc; path = HelpViewController.m; sourceTree = "<group>"; };
		3ABC795515D2F3F300364C5A /* SchedulesViewController.h */ = {isa = PBXFileReference; fileEncoding = 4; lastKnownFileType = sourcecode.c.h; path = SchedulesViewController.h; sourceTree = "<group>"; };
		3ABC795615D2F3F300364C5A /* SchedulesViewController.m */ = {isa = PBXFileReference; fileEncoding = 4; lastKnownFileType = sourcecode.c.objc; path = SchedulesViewController.m; sourceTree = "<group>"; };
		3ABC795D15D2F73600364C5A /* en */ = {isa = PBXFileReference; lastKnownFileType = text.plist.strings; name = en; path = en.lproj/Localizable.strings; sourceTree = "<group>"; };
		3ABC795F15D2F73E00364C5A /* es */ = {isa = PBXFileReference; lastKnownFileType = text.plist.strings; name = es; path = es.lproj/Localizable.strings; sourceTree = "<group>"; };
		3ABC796115D301FE00364C5A /* TabBarViewController.h */ = {isa = PBXFileReference; fileEncoding = 4; lastKnownFileType = sourcecode.c.h; path = TabBarViewController.h; sourceTree = "<group>"; };
		3ABC796215D301FE00364C5A /* TabBarViewController.m */ = {isa = PBXFileReference; fileEncoding = 4; lastKnownFileType = sourcecode.c.objc; path = TabBarViewController.m; sourceTree = "<group>"; };
		3ABFF71E15D9D1C100608A9A /* location.png */ = {isa = PBXFileReference; lastKnownFileType = image.png; path = location.png; sourceTree = "<group>"; };
		3ABFF71F15D9D1C100608A9A /* list.png */ = {isa = PBXFileReference; lastKnownFileType = image.png; path = list.png; sourceTree = "<group>"; };
		3AD230A915CC6B1E0081434C /* info.png */ = {isa = PBXFileReference; lastKnownFileType = image.png; path = info.png; sourceTree = "<group>"; };
		3AD230AB15CC8FE20081434C /* VehicleOverlay.h */ = {isa = PBXFileReference; fileEncoding = 4; lastKnownFileType = sourcecode.c.h; path = VehicleOverlay.h; sourceTree = "<group>"; };
		3AD230AC15CC8FE20081434C /* VehicleOverlay.m */ = {isa = PBXFileReference; fileEncoding = 4; lastKnownFileType = sourcecode.c.objc; path = VehicleOverlay.m; sourceTree = "<group>"; };
		3AD2B5F715D9CC2C003C6745 /* arrow_right_2.png */ = {isa = PBXFileReference; lastKnownFileType = image.png; path = arrow_right_2.png; sourceTree = "<group>"; };
		3AD2B5F815D9CC2C003C6745 /* back.png */ = {isa = PBXFileReference; lastKnownFileType = image.png; path = back.png; sourceTree = "<group>"; };
		3AD78C5415DD9FB60067A27E /* SelectedVehicleTuple.h */ = {isa = PBXFileReference; fileEncoding = 4; lastKnownFileType = sourcecode.c.h; name = SelectedVehicleTuple.h; path = ../Delegates/SelectedVehicleTuple.h; sourceTree = "<group>"; };
		3AD78C5515DD9FB60067A27E /* SelectedVehicleTuple.m */ = {isa = PBXFileReference; fileEncoding = 4; lastKnownFileType = sourcecode.c.objc; name = SelectedVehicleTuple.m; path = ../Delegates/SelectedVehicleTuple.m; sourceTree = "<group>"; };
		3AD78C5915DDA6080067A27E /* VehicleAnnotation.h */ = {isa = PBXFileReference; fileEncoding = 4; lastKnownFileType = sourcecode.c.h; path = VehicleAnnotation.h; sourceTree = "<group>"; };
		3AD78C5A15DDA6080067A27E /* VehicleAnnotation.m */ = {isa = PBXFileReference; fileEncoding = 4; lastKnownFileType = sourcecode.c.objc; path = VehicleAnnotation.m; sourceTree = "<group>"; };
		3AD92B5C15D96EC60033204F /* close.png */ = {isa = PBXFileReference; lastKnownFileType = image.png; path = close.png; sourceTree = "<group>"; };
		3AD92B5E15D9776C0033204F /* bus.png */ = {isa = PBXFileReference; lastKnownFileType = image.png; path = bus.png; sourceTree = "<group>"; };
		3AD92B6115D97DF70033204F /* IIViewDeckController.h */ = {isa = PBXFileReference; fileEncoding = 4; lastKnownFileType = sourcecode.c.h; path = IIViewDeckController.h; sourceTree = "<group>"; };
		3AD92B6215D97DF70033204F /* IIViewDeckController.m */ = {isa = PBXFileReference; fileEncoding = 4; lastKnownFileType = sourcecode.c.objc; path = IIViewDeckController.m; sourceTree = "<group>"; };
		3AD92B6315D97DF70033204F /* WrapController.h */ = {isa = PBXFileReference; fileEncoding = 4; lastKnownFileType = sourcecode.c.h; path = WrapController.h; sourceTree = "<group>"; };
		3AD92B6415D97DF70033204F /* WrapController.m */ = {isa = PBXFileReference; fileEncoding = 4; lastKnownFileType = sourcecode.c.objc; path = WrapController.m; sourceTree = "<group>"; };
		3AD92B6715D97EF30033204F /* MenuViewController.h */ = {isa = PBXFileReference; fileEncoding = 4; lastKnownFileType = sourcecode.c.h; path = MenuViewController.h; sourceTree = "<group>"; };
		3AD92B6815D97EF30033204F /* MenuViewController.m */ = {isa = PBXFileReference; fileEncoding = 4; lastKnownFileType = sourcecode.c.objc; path = MenuViewController.m; sourceTree = "<group>"; };
		3AD92B6A15D97F5A0033204F /* UITableViewCellMenu.h */ = {isa = PBXFileReference; fileEncoding = 4; lastKnownFileType = sourcecode.c.h; path = UITableViewCellMenu.h; sourceTree = "<group>"; };
		3AD92B6B15D97F5A0033204F /* UITableViewCellMenu.m */ = {isa = PBXFileReference; fileEncoding = 4; lastKnownFileType = sourcecode.c.objc; path = UITableViewCellMenu.m; sourceTree = "<group>"; };
		3AD92B7115D982060033204F /* start.png */ = {isa = PBXFileReference; lastKnownFileType = image.png; path = start.png; sourceTree = "<group>"; };
		3AD92B7315D987AC0033204F /* arrow_right.png */ = {isa = PBXFileReference; lastKnownFileType = image.png; path = arrow_right.png; sourceTree = "<group>"; };
		3AD92B7415D987AC0033204F /* noise.png */ = {isa = PBXFileReference; lastKnownFileType = image.png; path = noise.png; sourceTree = "<group>"; };
		3ADF991015E805F200798464 /* UIViewPopover.h */ = {isa = PBXFileReference; fileEncoding = 4; lastKnownFileType = sourcecode.c.h; path = UIViewPopover.h; sourceTree = "<group>"; };
		3ADF991115E805F200798464 /* UIViewPopover.m */ = {isa = PBXFileReference; fileEncoding = 4; lastKnownFileType = sourcecode.c.objc; path = UIViewPopover.m; sourceTree = "<group>"; };
		3ADF991315E80E4B00798464 /* arrow_up.png */ = {isa = PBXFileReference; lastKnownFileType = image.png; path = arrow_up.png; sourceTree = "<group>"; };
		3ADF991915E8155D00798464 /* outlets.png */ = {isa = PBXFileReference; lastKnownFileType = image.png; path = outlets.png; sourceTree = "<group>"; };
		3ADF991B15E8159600798464 /* assault.png */ = {isa = PBXFileReference; lastKnownFileType = image.png; path = assault.png; sourceTree = "<group>"; };
		3ADF991D15E8224300798464 /* routes.png */ = {isa = PBXFileReference; lastKnownFileType = image.png; path = routes.png; sourceTree = "<group>"; };
		3ADF991F15E8228F00798464 /* places.png */ = {isa = PBXFileReference; lastKnownFileType = image.png; path = places.png; sourceTree = "<group>"; };
		3ADF992115E82A3700798464 /* ReactiveFocusView.h */ = {isa = PBXFileReference; fileEncoding = 4; lastKnownFileType = sourcecode.c.h; path = ReactiveFocusView.h; sourceTree = "<group>"; };
		3ADF992215E82A3700798464 /* ReactiveFocusView.m */ = {isa = PBXFileReference; fileEncoding = 4; lastKnownFileType = sourcecode.c.objc; path = ReactiveFocusView.m; sourceTree = "<group>"; };
		3ADF992415E82AAB00798464 /* PopoverFocusDelegate.h */ = {isa = PBXFileReference; lastKnownFileType = sourcecode.c.h; path = PopoverFocusDelegate.h; sourceTree = "<group>"; };
		3ADF992515E83FFC00798464 /* PopoverActionMenuItemDelegate.h */ = {isa = PBXFileReference; lastKnownFileType = sourcecode.c.h; path = PopoverActionMenuItemDelegate.h; sourceTree = "<group>"; };
		3ADFF7B515544F8C003BACB6 /* CoreLocation.framework */ = {isa = PBXFileReference; lastKnownFileType = wrapper.framework; name = CoreLocation.framework; path = System/Library/Frameworks/CoreLocation.framework; sourceTree = SDKROOT; };
		3AE25A1315CB0267000A7262 /* Gradients.h */ = {isa = PBXFileReference; fileEncoding = 4; lastKnownFileType = sourcecode.c.h; path = Gradients.h; sourceTree = "<group>"; };
		3AE25A1415CB0267000A7262 /* Gradients.m */ = {isa = PBXFileReference; fileEncoding = 4; lastKnownFileType = sourcecode.c.objc; path = Gradients.m; sourceTree = "<group>"; };
		3AE25A1615CB0BC4000A7262 /* logo.png */ = {isa = PBXFileReference; lastKnownFileType = image.png; path = logo.png; sourceTree = "<group>"; };
/* End PBXFileReference section */

/* Begin PBXFrameworksBuildPhase section */
		3A8681B41541D01C00C9EE6F /* Frameworks */ = {
			isa = PBXFrameworksBuildPhase;
			buildActionMask = 2147483647;
			files = (
				3ADFF7B615544F8C003BACB6 /* CoreLocation.framework in Frameworks */,
				17DF32031558BF56002B1DBD /* AVFoundation.framework in Frameworks */,
				3A0ECF2D1548BE7000919614 /* libz.dylib in Frameworks */,
				3A0ECF2B1548BE6000919614 /* MobileCoreServices.framework in Frameworks */,
				3A0ECF291548BE5600919614 /* SystemConfiguration.framework in Frameworks */,
				3A0ECF231548BC9400919614 /* CFNetwork.framework in Frameworks */,
				3A8683591541D9A600C9EE6F /* QuartzCore.framework in Frameworks */,
				3A8681BC1541D01C00C9EE6F /* UIKit.framework in Frameworks */,
				3A8681BE1541D01C00C9EE6F /* Foundation.framework in Frameworks */,
				3A8681C01541D01C00C9EE6F /* CoreGraphics.framework in Frameworks */,
				3A86835B1541DC2800C9EE6F /* libsqlite3.dylib in Frameworks */,
				3A7382D015BF0D9E00E3E87A /* MapBox.framework in Frameworks */,
			);
			runOnlyForDeploymentPostprocessing = 0;
		};
		3A8681CE1541D01C00C9EE6F /* Frameworks */ = {
			isa = PBXFrameworksBuildPhase;
			buildActionMask = 2147483647;
			files = (
				3A8681D41541D01C00C9EE6F /* SenTestingKit.framework in Frameworks */,
				3A8681D51541D01C00C9EE6F /* UIKit.framework in Frameworks */,
				3A8681D61541D01C00C9EE6F /* Foundation.framework in Frameworks */,
			);
			runOnlyForDeploymentPostprocessing = 0;
		};
/* End PBXFrameworksBuildPhase section */

/* Begin PBXGroup section */
		17406682155C963000E2DE86 /* Delegates */ = {
			isa = PBXGroup;
			children = (
				3ADF992515E83FFC00798464 /* PopoverActionMenuItemDelegate.h */,
				17A817FD15BC7FEA00E2E773 /* ActionButton.h */,
				3ADF992415E82AAB00798464 /* PopoverFocusDelegate.h */,
			);
			path = Delegates;
			sourceTree = "<group>";
		};
		1786B9941557B5CA004082C7 /* Views */ = {
			isa = PBXGroup;
			children = (
				17D6C98115B9E3D4008FD431 /* HelpButton.h */,
				17D6C98215B9E3D4008FD431 /* HelpButton.m */,
				17DF31F21558B657002B1DBD /* OvermapButton.h */,
				17DF31F31558B657002B1DBD /* OvermapButton.m */,
				1786B9951557B5CA004082C7 /* UITableViewCellForRouteRow.h */,
				1786B9961557B5CA004082C7 /* UITableViewCellForRouteRow.m */,
				17A289F4155F24CC00CEBAC1 /* InstantRMMarker.h */,
				17A289F5155F24CD00CEBAC1 /* InstantRMMarker.m */,
				17A817F615BC699000E2E773 /* OverlayLegend.h */,
				17A817F715BC699000E2E773 /* OverlayLegend.m */,
				3AE25A1315CB0267000A7262 /* Gradients.h */,
				3AE25A1415CB0267000A7262 /* Gradients.m */,
				3AD230AB15CC8FE20081434C /* VehicleOverlay.h */,
				3AD230AC15CC8FE20081434C /* VehicleOverlay.m */,
				3AD92B6A15D97F5A0033204F /* UITableViewCellMenu.h */,
				3AD92B6B15D97F5A0033204F /* UITableViewCellMenu.m */,
				3AD78C5915DDA6080067A27E /* VehicleAnnotation.h */,
				3AD78C5A15DDA6080067A27E /* VehicleAnnotation.m */,
				3ADF991015E805F200798464 /* UIViewPopover.h */,
				3ADF991115E805F200798464 /* UIViewPopover.m */,
				3ADF992115E82A3700798464 /* ReactiveFocusView.h */,
				3ADF992215E82A3700798464 /* ReactiveFocusView.m */,
			);
			path = Views;
			sourceTree = "<group>";
		};
		17D6C98615BA0177008FD431 /* DefaultFiles */ = {
			isa = PBXGroup;
			children = (
				17D6C98715BA01A8008FD431 /* routes.json */,
			);
			path = DefaultFiles;
			sourceTree = "<group>";
		};
		17D9F80E1558E95100737392 /* Collections */ = {
			isa = PBXGroup;
			children = (
				17D9F80F1558E95100737392 /* Routes.h */,
				17D9F8101558E95100737392 /* Routes.m */,
				17D9F8121558E97C00737392 /* Vehicles.h */,
				17D9F8131558E97C00737392 /* Vehicles.m */,
				1740667C155C43EB00E2DE86 /* Instants.h */,
				1740667D155C43EB00E2DE86 /* Instants.m */,
				3A17CA7B15E4070F00B0AEAD /* Stations.h */,
				3A17CA7C15E4070F00B0AEAD /* Stations.m */,
			);
			path = Collections;
			sourceTree = "<group>";
		};
		3A0ECDDC154895F700919614 /* Images */ = {
			isa = PBXGroup;
			children = (
				3ADF991B15E8159600798464 /* assault.png */,
				3ADF991915E8155D00798464 /* outlets.png */,
				3ADF991315E80E4B00798464 /* arrow_up.png */,
				3A17CA7615E404AF00B0AEAD /* stop.png */,
				3ABFF71E15D9D1C100608A9A /* location.png */,
				3ABFF71F15D9D1C100608A9A /* list.png */,
				3AD2B5F715D9CC2C003C6745 /* arrow_right_2.png */,
				3AD2B5F815D9CC2C003C6745 /* back.png */,
				3AD92B7315D987AC0033204F /* arrow_right.png */,
				3AD92B7415D987AC0033204F /* noise.png */,
				3AD92B7115D982060033204F /* start.png */,
				3AD92B5E15D9776C0033204F /* bus.png */,
				3AD92B5C15D96EC60033204F /* close.png */,
				3AD230A915CC6B1E0081434C /* info.png */,
				3AE25A1615CB0BC4000A7262 /* logo.png */,
				17A817F415BC632500E2E773 /* grid.png */,
				17A28A0C155F447E00CEBAC1 /* alert.png */,
				17A28A0A155F440800CEBAC1 /* refresh.png */,
				17A817FB15BC73E400E2E773 /* legend.png */,
				1709DE27155E01F60030548A /* RUTA_01.png */,
				1709DE28155E01F60030548A /* RUTA_02.png */,
				1709DE29155E01F60030548A /* RUTA_03.png */,
				1709DE2A155E01F60030548A /* RUTA_04.png */,
				1709DE2B155E01F60030548A /* RUTA_05.png */,
				1709DE2C155E01F60030548A /* RUTA_06.png */,
				1709DE2D155E01F60030548A /* RUTA_07.png */,
				1709DE2E155E01F60030548A /* RUTA_08.png */,
				1709DE2F155E01F60030548A /* RUTA_09.png */,
				1709DE30155E01F60030548A /* RUTA_10.png */,
				1709DE31155E01F60030548A /* RUTA_11.png */,
				1709DE32155E01F60030548A /* RUTA_12.png */,
				17DF31F51558B66A002B1DBD /* localize.png */,
				17A166EF15563CFE006CBD0D /* front.png */,
				3A0ECDDD154895F700919614 /* home.png */,
				3A0ECDDE154895F700919614 /* map.png */,
				3ADF991F15E8228F00798464 /* places.png */,
				3ADF991D15E8224300798464 /* routes.png */,
			);
			path = Images;
			sourceTree = "<group>";
		};
		3A0ECDE3154899C000919614 /* Models */ = {
			isa = PBXGroup;
			children = (
				3A40E75B1551D0B9009A0A68 /* Route.h */,
				3A40E75C1551D0B9009A0A68 /* Route.m */,
				17406679155C356D00E2DE86 /* Vehicle.h */,
				1740667A155C356D00E2DE86 /* Vehicle.m */,
				1740667F155C4AC500E2DE86 /* Instant.h */,
				17406680155C4AC500E2DE86 /* Instant.m */,
				3A17CA7815E4064400B0AEAD /* Station.h */,
				3A17CA7915E4064400B0AEAD /* Station.m */,
			);
			path = Models;
			sourceTree = "<group>";
		};
		3A0ECE831548B62F00919614 /* Libraries */ = {
			isa = PBXGroup;
			children = (
				3AD92B6015D97DF70033204F /* ViewDeck */,
				3A73E5CD15546C8000279135 /* UIColor+Expanded */,
				3A0ECEAA1548BB1100919614 /* ASIHTTPRequest */,
				3A0ECE841548B62F00919614 /* SBJson */,
			);
			path = Libraries;
			sourceTree = "<group>";
		};
		3A0ECE841548B62F00919614 /* SBJson */ = {
			isa = PBXGroup;
			children = (
				3A0ECE851548B62F00919614 /* NSObject+SBJson.h */,
				3A0ECE861548B62F00919614 /* NSObject+SBJson.m */,
				3A0ECE871548B62F00919614 /* SBJson.h */,
				3A0ECE881548B62F00919614 /* SBJsonParser.h */,
				3A0ECE891548B62F00919614 /* SBJsonParser.m */,
				3A0ECE8A1548B62F00919614 /* SBJsonStreamParser.h */,
				3A0ECE8B1548B62F00919614 /* SBJsonStreamParser.m */,
				3A0ECE8C1548B62F00919614 /* SBJsonStreamParserAccumulator.h */,
				3A0ECE8D1548B62F00919614 /* SBJsonStreamParserAccumulator.m */,
				3A0ECE8E1548B62F00919614 /* SBJsonStreamParserAdapter.h */,
				3A0ECE8F1548B62F00919614 /* SBJsonStreamParserAdapter.m */,
				3A0ECE901548B62F00919614 /* SBJsonStreamParserState.h */,
				3A0ECE911548B62F00919614 /* SBJsonStreamParserState.m */,
				3A0ECE921548B62F00919614 /* SBJsonStreamWriter.h */,
				3A0ECE931548B62F00919614 /* SBJsonStreamWriter.m */,
				3A0ECE941548B62F00919614 /* SBJsonStreamWriterAccumulator.h */,
				3A0ECE951548B62F00919614 /* SBJsonStreamWriterAccumulator.m */,
				3A0ECE961548B62F00919614 /* SBJsonStreamWriterState.h */,
				3A0ECE971548B62F00919614 /* SBJsonStreamWriterState.m */,
				3A0ECE981548B62F00919614 /* SBJsonTokeniser.h */,
				3A0ECE991548B62F00919614 /* SBJsonTokeniser.m */,
				3A0ECE9A1548B62F00919614 /* SBJsonUTF8Stream.h */,
				3A0ECE9B1548B62F00919614 /* SBJsonUTF8Stream.m */,
				3A0ECE9C1548B62F00919614 /* SBJsonWriter.h */,
				3A0ECE9D1548B62F00919614 /* SBJsonWriter.m */,
			);
			path = SBJson;
			sourceTree = "<group>";
		};
		3A0ECEAA1548BB1100919614 /* ASIHTTPRequest */ = {
			isa = PBXGroup;
			children = (
				3A0ECF241548BDFC00919614 /* Reachability.h */,
				3A0ECF251548BDFC00919614 /* Reachability.m */,
				3A0ECEAB1548BB1100919614 /* ASIAuthenticationDialog.h */,
				3A0ECEAC1548BB1100919614 /* ASIAuthenticationDialog.m */,
				3A0ECEAD1548BB1100919614 /* ASICacheDelegate.h */,
				3A0ECEAE1548BB1100919614 /* ASIDataCompressor.h */,
				3A0ECEAF1548BB1100919614 /* ASIDataCompressor.m */,
				3A0ECEB01548BB1100919614 /* ASIDataDecompressor.h */,
				3A0ECEB11548BB1100919614 /* ASIDataDecompressor.m */,
				3A0ECEB21548BB1100919614 /* ASIDownloadCache.h */,
				3A0ECEB31548BB1100919614 /* ASIDownloadCache.m */,
				3A0ECEB41548BB1100919614 /* ASIFormDataRequest.h */,
				3A0ECEB51548BB1100919614 /* ASIFormDataRequest.m */,
				3A0ECEB61548BB1100919614 /* ASIHTTPRequest.h */,
				3A0ECEB71548BB1100919614 /* ASIHTTPRequest.m */,
				3A0ECEB81548BB1100919614 /* ASIHTTPRequestConfig.h */,
				3A0ECEB91548BB1100919614 /* ASIHTTPRequestDelegate.h */,
				3A0ECEBA1548BB1100919614 /* ASIInputStream.h */,
				3A0ECEBB1548BB1100919614 /* ASIInputStream.m */,
				3A0ECEBC1548BB1100919614 /* ASINetworkQueue.h */,
				3A0ECEBD1548BB1100919614 /* ASINetworkQueue.m */,
				3A0ECEBE1548BB1100919614 /* ASIProgressDelegate.h */,
				3A0ECEC21548BB1100919614 /* CloudFiles */,
				3A0ECED11548BB1100919614 /* S3 */,
			);
			path = ASIHTTPRequest;
			sourceTree = "<group>";
		};
		3A0ECEC21548BB1100919614 /* CloudFiles */ = {
			isa = PBXGroup;
			children = (
				3A0ECEC31548BB1100919614 /* ASICloudFilesCDNRequest.h */,
				3A0ECEC41548BB1100919614 /* ASICloudFilesCDNRequest.m */,
				3A0ECEC51548BB1100919614 /* ASICloudFilesContainer.h */,
				3A0ECEC61548BB1100919614 /* ASICloudFilesContainer.m */,
				3A0ECEC71548BB1100919614 /* ASICloudFilesContainerRequest.h */,
				3A0ECEC81548BB1100919614 /* ASICloudFilesContainerRequest.m */,
				3A0ECEC91548BB1100919614 /* ASICloudFilesContainerXMLParserDelegate.h */,
				3A0ECECA1548BB1100919614 /* ASICloudFilesContainerXMLParserDelegate.m */,
				3A0ECECB1548BB1100919614 /* ASICloudFilesObject.h */,
				3A0ECECC1548BB1100919614 /* ASICloudFilesObject.m */,
				3A0ECECD1548BB1100919614 /* ASICloudFilesObjectRequest.h */,
				3A0ECECE1548BB1100919614 /* ASICloudFilesObjectRequest.m */,
				3A0ECECF1548BB1100919614 /* ASICloudFilesRequest.h */,
				3A0ECED01548BB1100919614 /* ASICloudFilesRequest.m */,
			);
			path = CloudFiles;
			sourceTree = "<group>";
		};
		3A0ECED11548BB1100919614 /* S3 */ = {
			isa = PBXGroup;
			children = (
				3A0ECED21548BB1100919614 /* ASINSXMLParserCompat.h */,
				3A0ECED31548BB1100919614 /* ASIS3Bucket.h */,
				3A0ECED41548BB1100919614 /* ASIS3Bucket.m */,
				3A0ECED51548BB1100919614 /* ASIS3BucketObject.h */,
				3A0ECED61548BB1100919614 /* ASIS3BucketObject.m */,
				3A0ECED71548BB1100919614 /* ASIS3BucketRequest.h */,
				3A0ECED81548BB1100919614 /* ASIS3BucketRequest.m */,
				3A0ECED91548BB1100919614 /* ASIS3ObjectRequest.h */,
				3A0ECEDA1548BB1100919614 /* ASIS3ObjectRequest.m */,
				3A0ECEDB1548BB1100919614 /* ASIS3Request.h */,
				3A0ECEDC1548BB1100919614 /* ASIS3Request.m */,
				3A0ECEDD1548BB1100919614 /* ASIS3ServiceRequest.h */,
				3A0ECEDE1548BB1100919614 /* ASIS3ServiceRequest.m */,
			);
			path = S3;
			sourceTree = "<group>";
		};
		3A73E5CD15546C8000279135 /* UIColor+Expanded */ = {
			isa = PBXGroup;
			children = (
				3A73E5CE15546C8000279135 /* UIColor-Expanded.h */,
				3A73E5CF15546C8000279135 /* UIColor-Expanded.m */,
			);
			path = "UIColor+Expanded";
			sourceTree = "<group>";
		};
		3A8681AC1541D01C00C9EE6F = {
			isa = PBXGroup;
			children = (
				3A0ECF2C1548BE7000919614 /* libz.dylib */,
				3A86835A1541DC2800C9EE6F /* libsqlite3.dylib */,
				3A8681C11541D01C00C9EE6F /* TUM */,
				3A8681BA1541D01C00C9EE6F /* Frameworks */,
				3A8681B81541D01C00C9EE6F /* Products */,
			);
			sourceTree = "<group>";
		};
		3A8681B81541D01C00C9EE6F /* Products */ = {
			isa = PBXGroup;
			children = (
				3A8681B71541D01C00C9EE6F /* TUM.app */,
				3A8681D21541D01C00C9EE6F /* TUMTests.octest */,
			);
			name = Products;
			sourceTree = "<group>";
		};
		3A8681BA1541D01C00C9EE6F /* Frameworks */ = {
			isa = PBXGroup;
			children = (
				3A7382CF15BF0D9E00E3E87A /* MapBox.framework */,
				17DF32011558BF4C002B1DBD /* AVFoundation.framework */,
				3ADFF7B515544F8C003BACB6 /* CoreLocation.framework */,
				3A0ECF2A1548BE6000919614 /* MobileCoreServices.framework */,
				3A0ECF281548BE5600919614 /* SystemConfiguration.framework */,
				3A0ECF221548BC9400919614 /* CFNetwork.framework */,
				3A8683581541D9A600C9EE6F /* QuartzCore.framework */,
				3A8681BB1541D01C00C9EE6F /* UIKit.framework */,
				3A8681BD1541D01C00C9EE6F /* Foundation.framework */,
				3A8681BF1541D01C00C9EE6F /* CoreGraphics.framework */,
				3A8681D31541D01C00C9EE6F /* SenTestingKit.framework */,
			);
			name = Frameworks;
			sourceTree = "<group>";
		};
		3A8681C11541D01C00C9EE6F /* TUM */ = {
			isa = PBXGroup;
			children = (
				3AD78C5815DDA0000067A27E /* Helpers */,
				17406682155C963000E2DE86 /* Delegates */,
				17D9F80E1558E95100737392 /* Collections */,
				1786B9941557B5CA004082C7 /* Views */,
				3A0ECE831548B62F00919614 /* Libraries */,
				3A86837D1541E97800C9EE6F /* Assets */,
				3A0ECDE3154899C000919614 /* Models */,
				3A8683461541D6DF00C9EE6F /* Controllers */,
				3A8683401541D52900C9EE6F /* ApplicationConfig.h */,
				3A8683411541D52900C9EE6F /* ApplicationConfig.m */,
				3A8681CA1541D01C00C9EE6F /* AppDelegate.h */,
				3A8681CB1541D01C00C9EE6F /* AppDelegate.m */,
				3A8681C21541D01C00C9EE6F /* Supporting Files */,
			);
			path = TUM;
			sourceTree = "<group>";
		};
		3A8681C21541D01C00C9EE6F /* Supporting Files */ = {
			isa = PBXGroup;
			children = (
				3A17CA7315E4049F00B0AEAD /* stations.plist */,
				3ABC795C15D2F73600364C5A /* Localizable.strings */,
				17D6C98615BA0177008FD431 /* DefaultFiles */,
				3A8681C31541D01C00C9EE6F /* TUM-Info.plist */,
				3A8681C41541D01C00C9EE6F /* InfoPlist.strings */,
				3A8681C71541D01C00C9EE6F /* main.m */,
				3A8681C91541D01C00C9EE6F /* TUM-Prefix.pch */,
				3A0ECE5A1548AAE500919614 /* routes.plist */,
			);
			name = "Supporting Files";
			sourceTree = "<group>";
		};
		3A8683461541D6DF00C9EE6F /* Controllers */ = {
			isa = PBXGroup;
			children = (
				3A8683471541D6DF00C9EE6F /* MapViewController.h */,
				3A8683481541D6DF00C9EE6F /* MapViewController.m */,
				17A2A2941555812200B83317 /* RoutesViewController.h */,
				17A2A2951555812200B83317 /* RoutesViewController.m */,
				17A166EC15563A3C006CBD0D /* FrontViewController.h */,
				17A166ED15563A3C006CBD0D /* FrontViewController.m */,
				17A28A07155F433200CEBAC1 /* ReportsViewController.h */,
				17A28A08155F433200CEBAC1 /* ReportsViewController.m */,
				3ABC795215D2F2FE00364C5A /* HelpViewController.h */,
				3ABC795315D2F2FE00364C5A /* HelpViewController.m */,
				3ABC795515D2F3F300364C5A /* SchedulesViewController.h */,
				3ABC795615D2F3F300364C5A /* SchedulesViewController.m */,
				3ABC796115D301FE00364C5A /* TabBarViewController.h */,
				3ABC796215D301FE00364C5A /* TabBarViewController.m */,
				3AD92B6715D97EF30033204F /* MenuViewController.h */,
				3AD92B6815D97EF30033204F /* MenuViewController.m */,
			);
			path = Controllers;
			sourceTree = "<group>";
		};
		3A86837D1541E97800C9EE6F /* Assets */ = {
			isa = PBXGroup;
			children = (
				1709DE25155E01E90030548A /* pull.caf */,
				3A0ECDDC154895F700919614 /* Images */,
				3A86837E1541E97900C9EE6F /* UNAMCU.mbtiles */,
			);
			path = Assets;
			sourceTree = "<group>";
		};
		3AD78C5815DDA0000067A27E /* Helpers */ = {
			isa = PBXGroup;
			children = (
				3AD78C5415DD9FB60067A27E /* SelectedVehicleTuple.h */,
				3AD78C5515DD9FB60067A27E /* SelectedVehicleTuple.m */,
			);
			path = Helpers;
			sourceTree = "<group>";
		};
		3AD92B6015D97DF70033204F /* ViewDeck */ = {
			isa = PBXGroup;
			children = (
				3AD92B6115D97DF70033204F /* IIViewDeckController.h */,
				3AD92B6215D97DF70033204F /* IIViewDeckController.m */,
				3AD92B6315D97DF70033204F /* WrapController.h */,
				3AD92B6415D97DF70033204F /* WrapController.m */,
			);
			path = ViewDeck;
			sourceTree = "<group>";
		};
/* End PBXGroup section */

/* Begin PBXNativeTarget section */
		3A8681B61541D01C00C9EE6F /* TUM */ = {
			isa = PBXNativeTarget;
			buildConfigurationList = 3A8681E41541D01C00C9EE6F /* Build configuration list for PBXNativeTarget "TUM" */;
			buildPhases = (
				3A8681B31541D01C00C9EE6F /* Sources */,
				3A8681B41541D01C00C9EE6F /* Frameworks */,
				3A8681B51541D01C00C9EE6F /* Resources */,
			);
			buildRules = (
			);
			dependencies = (
			);
			name = TUM;
			productName = TUM;
			productReference = 3A8681B71541D01C00C9EE6F /* TUM.app */;
			productType = "com.apple.product-type.application";
		};
		3A8681D11541D01C00C9EE6F /* TUMTests */ = {
			isa = PBXNativeTarget;
			buildConfigurationList = 3A8681E71541D01C00C9EE6F /* Build configuration list for PBXNativeTarget "TUMTests" */;
			buildPhases = (
				3A8681CD1541D01C00C9EE6F /* Sources */,
				3A8681CE1541D01C00C9EE6F /* Frameworks */,
				3A8681CF1541D01C00C9EE6F /* Resources */,
				3A8681D01541D01C00C9EE6F /* ShellScript */,
			);
			buildRules = (
			);
			dependencies = (
				3A8681D81541D01C00C9EE6F /* PBXTargetDependency */,
			);
			name = TUMTests;
			productName = TUMTests;
			productReference = 3A8681D21541D01C00C9EE6F /* TUMTests.octest */;
			productType = "com.apple.product-type.bundle";
		};
/* End PBXNativeTarget section */

/* Begin PBXProject section */
		3A8681AE1541D01C00C9EE6F /* Project object */ = {
			isa = PBXProject;
			attributes = {
				LastUpgradeCheck = 0430;
			};
			buildConfigurationList = 3A8681B11541D01C00C9EE6F /* Build configuration list for PBXProject "TUM" */;
			compatibilityVersion = "Xcode 3.2";
			developmentRegion = English;
			hasScannedForEncodings = 0;
			knownRegions = (
				en,
				es,
			);
			mainGroup = 3A8681AC1541D01C00C9EE6F;
			productRefGroup = 3A8681B81541D01C00C9EE6F /* Products */;
			projectDirPath = "";
			projectRoot = "";
			targets = (
				3A8681B61541D01C00C9EE6F /* TUM */,
				3A8681D11541D01C00C9EE6F /* TUMTests */,
			);
		};
/* End PBXProject section */

/* Begin PBXResourcesBuildPhase section */
		3A8681B51541D01C00C9EE6F /* Resources */ = {
			isa = PBXResourcesBuildPhase;
			buildActionMask = 2147483647;
			files = (
				3A8681C61541D01C00C9EE6F /* InfoPlist.strings in Resources */,
				3A86837F1541E97900C9EE6F /* UNAMCU.mbtiles in Resources */,
				3A0ECDE0154895F700919614 /* home.png in Resources */,
				3A0ECDE1154895F700919614 /* map.png in Resources */,
				3A0ECE5B1548AAE500919614 /* routes.plist in Resources */,
				17A166F015563CFE006CBD0D /* front.png in Resources */,
				17DF31F61558B66A002B1DBD /* localize.png in Resources */,
				1709DE26155E01E90030548A /* pull.caf in Resources */,
				1709DE33155E01F60030548A /* RUTA_01.png in Resources */,
				1709DE34155E01F60030548A /* RUTA_02.png in Resources */,
				1709DE35155E01F60030548A /* RUTA_03.png in Resources */,
				1709DE36155E01F60030548A /* RUTA_04.png in Resources */,
				1709DE37155E01F60030548A /* RUTA_05.png in Resources */,
				1709DE38155E01F60030548A /* RUTA_06.png in Resources */,
				1709DE39155E01F60030548A /* RUTA_07.png in Resources */,
				1709DE3A155E01F60030548A /* RUTA_08.png in Resources */,
				1709DE3B155E01F60030548A /* RUTA_09.png in Resources */,
				1709DE3C155E01F60030548A /* RUTA_10.png in Resources */,
				1709DE3D155E01F60030548A /* RUTA_11.png in Resources */,
				1709DE3E155E01F60030548A /* RUTA_12.png in Resources */,
				17A28A0B155F440800CEBAC1 /* refresh.png in Resources */,
				17A28A0D155F447E00CEBAC1 /* alert.png in Resources */,
				17D6C98815BA01A8008FD431 /* routes.json in Resources */,
				17A817F515BC632500E2E773 /* grid.png in Resources */,
				17A817FC15BC73E400E2E773 /* legend.png in Resources */,
				3AE25A1715CB0BC4000A7262 /* logo.png in Resources */,
				3AD230AA15CC6B1E0081434C /* info.png in Resources */,
				3ABC795E15D2F73600364C5A /* Localizable.strings in Resources */,
				3ABC796015D2F73E00364C5A /* Localizable.strings in Resources */,
				3AD92B5D15D96EC60033204F /* close.png in Resources */,
				3AD92B5F15D9776C0033204F /* bus.png in Resources */,
				3AD92B7215D982060033204F /* start.png in Resources */,
				3AD92B7515D987AC0033204F /* arrow_right.png in Resources */,
				3AD92B7615D987AC0033204F /* noise.png in Resources */,
				3AD2B5F915D9CC2C003C6745 /* arrow_right_2.png in Resources */,
				3AD2B5FA15D9CC2C003C6745 /* back.png in Resources */,
				3ABFF72015D9D1C100608A9A /* location.png in Resources */,
				3ABFF72115D9D1C100608A9A /* list.png in Resources */,
				3A17CA7415E4049F00B0AEAD /* stations.plist in Resources */,
				3A17CA7715E404AF00B0AEAD /* stop.png in Resources */,
				3ADF991415E80E4B00798464 /* arrow_up.png in Resources */,
				3ADF991A15E8155D00798464 /* outlets.png in Resources */,
				3ADF991C15E8159600798464 /* assault.png in Resources */,
				3ADF991E15E8224400798464 /* routes.png in Resources */,
				3ADF992015E8228F00798464 /* places.png in Resources */,
			);
			runOnlyForDeploymentPostprocessing = 0;
		};
		3A8681CF1541D01C00C9EE6F /* Resources */ = {
			isa = PBXResourcesBuildPhase;
			buildActionMask = 2147483647;
			files = (
			);
			runOnlyForDeploymentPostprocessing = 0;
		};
/* End PBXResourcesBuildPhase section */

/* Begin PBXShellScriptBuildPhase section */
		3A8681D01541D01C00C9EE6F /* ShellScript */ = {
			isa = PBXShellScriptBuildPhase;
			buildActionMask = 2147483647;
			files = (
			);
			inputPaths = (
			);
			outputPaths = (
			);
			runOnlyForDeploymentPostprocessing = 0;
			shellPath = /bin/sh;
			shellScript = "# Run the unit tests in this test bundle.\n\"${SYSTEM_DEVELOPER_DIR}/Tools/RunUnitTests\"\n";
		};
/* End PBXShellScriptBuildPhase section */

/* Begin PBXSourcesBuildPhase section */
		3A8681B31541D01C00C9EE6F /* Sources */ = {
			isa = PBXSourcesBuildPhase;
			buildActionMask = 2147483647;
			files = (
				3A0ECF271548BE1300919614 /* Reachability.m in Sources */,
				3A8681C81541D01C00C9EE6F /* main.m in Sources */,
				3A8681CC1541D01C00C9EE6F /* AppDelegate.m in Sources */,
				3A8683801541EC1B00C9EE6F /* ApplicationConfig.m in Sources */,
				3A8683491541D6DF00C9EE6F /* MapViewController.m in Sources */,
				3A0ECE9E1548B62F00919614 /* NSObject+SBJson.m in Sources */,
				3A0ECE9F1548B62F00919614 /* SBJsonParser.m in Sources */,
				3A0ECEA01548B62F00919614 /* SBJsonStreamParser.m in Sources */,
				3A0ECEA11548B62F00919614 /* SBJsonStreamParserAccumulator.m in Sources */,
				3A0ECEA21548B62F00919614 /* SBJsonStreamParserAdapter.m in Sources */,
				3A0ECEA31548B62F00919614 /* SBJsonStreamParserState.m in Sources */,
				3A0ECEA41548B62F00919614 /* SBJsonStreamWriter.m in Sources */,
				3A0ECEA51548B62F00919614 /* SBJsonStreamWriterAccumulator.m in Sources */,
				3A0ECEA61548B62F00919614 /* SBJsonStreamWriterState.m in Sources */,
				3A0ECEA71548B62F00919614 /* SBJsonTokeniser.m in Sources */,
				3A0ECEA81548B62F00919614 /* SBJsonUTF8Stream.m in Sources */,
				3A0ECEA91548B62F00919614 /* SBJsonWriter.m in Sources */,
				3A0ECEFD1548BB1100919614 /* ASIAuthenticationDialog.m in Sources */,
				3A0ECEFE1548BB1100919614 /* ASIDataCompressor.m in Sources */,
				3A0ECEFF1548BB1100919614 /* ASIDataDecompressor.m in Sources */,
				3A0ECF001548BB1100919614 /* ASIDownloadCache.m in Sources */,
				3A0ECF011548BB1100919614 /* ASIFormDataRequest.m in Sources */,
				3A0ECF021548BB1100919614 /* ASIHTTPRequest.m in Sources */,
				3A0ECF031548BB1100919614 /* ASIInputStream.m in Sources */,
				3A0ECF041548BB1100919614 /* ASINetworkQueue.m in Sources */,
				3A0ECF061548BB1100919614 /* ASICloudFilesCDNRequest.m in Sources */,
				3A0ECF071548BB1100919614 /* ASICloudFilesContainer.m in Sources */,
				3A0ECF081548BB1100919614 /* ASICloudFilesContainerRequest.m in Sources */,
				3A0ECF091548BB1100919614 /* ASICloudFilesContainerXMLParserDelegate.m in Sources */,
				3A0ECF0A1548BB1100919614 /* ASICloudFilesObject.m in Sources */,
				3A0ECF0B1548BB1100919614 /* ASICloudFilesObjectRequest.m in Sources */,
				3A0ECF0C1548BB1100919614 /* ASICloudFilesRequest.m in Sources */,
				3A0ECF0D1548BB1100919614 /* ASIS3Bucket.m in Sources */,
				3A0ECF0E1548BB1100919614 /* ASIS3BucketObject.m in Sources */,
				3A0ECF0F1548BB1100919614 /* ASIS3BucketRequest.m in Sources */,
				3A0ECF101548BB1100919614 /* ASIS3ObjectRequest.m in Sources */,
				3A0ECF111548BB1100919614 /* ASIS3Request.m in Sources */,
				3A0ECF121548BB1100919614 /* ASIS3ServiceRequest.m in Sources */,
				3A40E75D1551D0B9009A0A68 /* Route.m in Sources */,
				3A73E5D015546C8000279135 /* UIColor-Expanded.m in Sources */,
				17A2A2961555812200B83317 /* RoutesViewController.m in Sources */,
				17A166EE15563A3C006CBD0D /* FrontViewController.m in Sources */,
				1786B9971557B5CA004082C7 /* UITableViewCellForRouteRow.m in Sources */,
				17DF31F41558B657002B1DBD /* OvermapButton.m in Sources */,
				17D9F8111558E95100737392 /* Routes.m in Sources */,
				17D9F8141558E97C00737392 /* Vehicles.m in Sources */,
				1740667B155C356D00E2DE86 /* Vehicle.m in Sources */,
				1740667E155C43EB00E2DE86 /* Instants.m in Sources */,
				17406681155C4AC500E2DE86 /* Instant.m in Sources */,
				17A289F6155F24CD00CEBAC1 /* InstantRMMarker.m in Sources */,
				17A28A09155F433300CEBAC1 /* ReportsViewController.m in Sources */,
				17D6C98315B9E3D4008FD431 /* HelpButton.m in Sources */,
				17A817F815BC699000E2E773 /* OverlayLegend.m in Sources */,
				3AE25A1515CB0267000A7262 /* Gradients.m in Sources */,
				3AD230AD15CC8FE20081434C /* VehicleOverlay.m in Sources */,
				3ABC795415D2F2FE00364C5A /* HelpViewController.m in Sources */,
				3ABC795715D2F3F300364C5A /* SchedulesViewController.m in Sources */,
				3ABC796315D301FE00364C5A /* TabBarViewController.m in Sources */,
				3AD92B6515D97DF70033204F /* IIViewDeckController.m in Sources */,
				3AD92B6615D97DF70033204F /* WrapController.m in Sources */,
				3AD92B6915D97EF30033204F /* MenuViewController.m in Sources */,
				3AD92B6C15D97F5A0033204F /* UITableViewCellMenu.m in Sources */,
				3AD78C5615DD9FB60067A27E /* SelectedVehicleTuple.m in Sources */,
				3AD78C5B15DDA6080067A27E /* VehicleAnnotation.m in Sources */,
				3A17CA7A15E4064400B0AEAD /* Station.m in Sources */,
				3A17CA7D15E4070F00B0AEAD /* Stations.m in Sources */,
				3ADF991215E805F200798464 /* UIViewPopover.m in Sources */,
				3ADF992315E82A3700798464 /* ReactiveFocusView.m in Sources */,
			);
			runOnlyForDeploymentPostprocessing = 0;
		};
		3A8681CD1541D01C00C9EE6F /* Sources */ = {
			isa = PBXSourcesBuildPhase;
			buildActionMask = 2147483647;
			files = (
				3A8683421541D52900C9EE6F /* ApplicationConfig.m in Sources */,
				3A0ECF261548BDFC00919614 /* Reachability.m in Sources */,
			);
			runOnlyForDeploymentPostprocessing = 0;
		};
/* End PBXSourcesBuildPhase section */

/* Begin PBXTargetDependency section */
		3A8681D81541D01C00C9EE6F /* PBXTargetDependency */ = {
			isa = PBXTargetDependency;
			target = 3A8681B61541D01C00C9EE6F /* TUM */;
			targetProxy = 3A8681D71541D01C00C9EE6F /* PBXContainerItemProxy */;
		};
/* End PBXTargetDependency section */

/* Begin PBXVariantGroup section */
		3A8681C41541D01C00C9EE6F /* InfoPlist.strings */ = {
			isa = PBXVariantGroup;
			children = (
				3A8681C51541D01C00C9EE6F /* en */,
			);
			name = InfoPlist.strings;
			sourceTree = "<group>";
		};
		3ABC795C15D2F73600364C5A /* Localizable.strings */ = {
			isa = PBXVariantGroup;
			children = (
				3ABC795D15D2F73600364C5A /* en */,
				3ABC795F15D2F73E00364C5A /* es */,
			);
			name = Localizable.strings;
			sourceTree = "<group>";
		};
/* End PBXVariantGroup section */

/* Begin XCBuildConfiguration section */
		3A8681E21541D01C00C9EE6F /* Debug */ = {
			isa = XCBuildConfiguration;
			buildSettings = {
				ALWAYS_SEARCH_USER_PATHS = NO;
				ARCHS = "$(ARCHS_STANDARD_32_BIT)";
				CLANG_ENABLE_OBJC_ARC = YES;
				"CODE_SIGN_IDENTITY[sdk=iphoneos*]" = "iPhone Developer";
				COPY_PHASE_STRIP = NO;
				GCC_C_LANGUAGE_STANDARD = gnu99;
				GCC_DYNAMIC_NO_PIC = NO;
				GCC_OPTIMIZATION_LEVEL = 0;
				GCC_PREPROCESSOR_DEFINITIONS = (
					"DEBUG=1",
					"$(inherited)",
				);
				GCC_SYMBOLS_PRIVATE_EXTERN = NO;
				GCC_VERSION = com.apple.compilers.llvm.clang.1_0;
				GCC_WARN_ABOUT_RETURN_TYPE = YES;
				GCC_WARN_UNINITIALIZED_AUTOS = YES;
				GCC_WARN_UNUSED_VARIABLE = YES;
				IPHONEOS_DEPLOYMENT_TARGET = 5.1;
				SDKROOT = iphoneos;
			};
			name = Debug;
		};
		3A8681E31541D01C00C9EE6F /* Release */ = {
			isa = XCBuildConfiguration;
			buildSettings = {
				ALWAYS_SEARCH_USER_PATHS = NO;
				ARCHS = "$(ARCHS_STANDARD_32_BIT)";
				CLANG_ENABLE_OBJC_ARC = YES;
				"CODE_SIGN_IDENTITY[sdk=iphoneos*]" = "iPhone Developer";
				COPY_PHASE_STRIP = YES;
				GCC_C_LANGUAGE_STANDARD = gnu99;
				GCC_VERSION = com.apple.compilers.llvm.clang.1_0;
				GCC_WARN_ABOUT_RETURN_TYPE = YES;
				GCC_WARN_UNINITIALIZED_AUTOS = YES;
				GCC_WARN_UNUSED_VARIABLE = YES;
				IPHONEOS_DEPLOYMENT_TARGET = 5.1;
				OTHER_CFLAGS = "-DNS_BLOCK_ASSERTIONS=1";
				SDKROOT = iphoneos;
				VALIDATE_PRODUCT = YES;
			};
			name = Release;
		};
		3A8681E51541D01C00C9EE6F /* Debug */ = {
			isa = XCBuildConfiguration;
			buildSettings = {
				ALWAYS_SEARCH_USER_PATHS = NO;
				FRAMEWORK_SEARCH_PATHS = (
					"$(inherited)",
					"\"$(SRCROOT)/TUM/Libraries\"",
				);
				GCC_C_LANGUAGE_STANDARD = c99;
				GCC_PRECOMPILE_PREFIX_HEADER = YES;
				GCC_PREFIX_HEADER = "TUM/TUM-Prefix.pch";
				GCC_SYMBOLS_PRIVATE_EXTERN = YES;
				GCC_VERSION = "";
				HEADER_SEARCH_PATHS = (
					"/Users/spalatijn/Desktop/IIMAS/TUM-iOS/MapView/**",
					"$SDK_DIR/usr/include/libxml2/**",
				);
				INFOPLIST_FILE = "TUM/TUM-Info.plist";
				INFOPLIST_PREPROCESS = NO;
				IPHONEOS_DEPLOYMENT_TARGET = 5.1;
				LIBRARY_SEARCH_PATHS = (
					"$(inherited)",
					"\"$(SRCROOT)/MapView/Map/GRMustache/lib\"",
					"\"$(SRCROOT)/../App-iOS/MapView/Map/GRMustache/lib\"",
				);
				ONLY_ACTIVE_ARCH = YES;
				OTHER_LDFLAGS = "-ObjC";
				PRODUCT_NAME = "$(TARGET_NAME)";
				USER_HEADER_SEARCH_PATHS = "";
				VALIDATE_PRODUCT = NO;
				WRAPPER_EXTENSION = app;
			};
			name = Debug;
		};
		3A8681E61541D01C00C9EE6F /* Release */ = {
			isa = XCBuildConfiguration;
			buildSettings = {
				ALWAYS_SEARCH_USER_PATHS = NO;
				FRAMEWORK_SEARCH_PATHS = (
					"$(inherited)",
					"\"$(SRCROOT)/TUM/Libraries\"",
				);
				GCC_C_LANGUAGE_STANDARD = c99;
				GCC_PRECOMPILE_PREFIX_HEADER = YES;
				GCC_PREFIX_HEADER = "TUM/TUM-Prefix.pch";
				GCC_SYMBOLS_PRIVATE_EXTERN = YES;
				GCC_VERSION = "";
				HEADER_SEARCH_PATHS = (
					"/Users/spalatijn/Desktop/IIMAS/TUM-iOS/MapView/**",
					"$SDK_DIR/usr/include/libxml2/**",
				);
				INFOPLIST_FILE = "TUM/TUM-Info.plist";
				INFOPLIST_PREPROCESS = NO;
				IPHONEOS_DEPLOYMENT_TARGET = 5.1;
				LIBRARY_SEARCH_PATHS = (
					"$(inherited)",
					"\"$(SRCROOT)/MapView/Map/GRMustache/lib\"",
					"\"$(SRCROOT)/../App-iOS/MapView/Map/GRMustache/lib\"",
				);
				ONLY_ACTIVE_ARCH = YES;
				OTHER_LDFLAGS = "-ObjC";
				PRODUCT_NAME = "$(TARGET_NAME)";
				USER_HEADER_SEARCH_PATHS = "";
				VALIDATE_PRODUCT = NO;
				WRAPPER_EXTENSION = app;
			};
			name = Release;
		};
		3A8681E81541D01C00C9EE6F /* Debug */ = {
			isa = XCBuildConfiguration;
			buildSettings = {
				BUNDLE_LOADER = "$(BUILT_PRODUCTS_DIR)/TUM.app/TUM";
				FRAMEWORK_SEARCH_PATHS = (
					"$(SDKROOT)/Developer/Library/Frameworks",
					"$(DEVELOPER_LIBRARY_DIR)/Frameworks",
				);
				GCC_PRECOMPILE_PREFIX_HEADER = YES;
				GCC_PREFIX_HEADER = "TUM/TUM-Prefix.pch";
				INFOPLIST_FILE = "TUMTests/TUMTests-Info.plist";
				PRODUCT_NAME = "$(TARGET_NAME)";
				TEST_HOST = "$(BUNDLE_LOADER)";
				WRAPPER_EXTENSION = octest;
			};
			name = Debug;
		};
		3A8681E91541D01C00C9EE6F /* Release */ = {
			isa = XCBuildConfiguration;
			buildSettings = {
				BUNDLE_LOADER = "$(BUILT_PRODUCTS_DIR)/TUM.app/TUM";
				FRAMEWORK_SEARCH_PATHS = (
					"$(SDKROOT)/Developer/Library/Frameworks",
					"$(DEVELOPER_LIBRARY_DIR)/Frameworks",
				);
				GCC_PRECOMPILE_PREFIX_HEADER = YES;
				GCC_PREFIX_HEADER = "TUM/TUM-Prefix.pch";
				INFOPLIST_FILE = "TUMTests/TUMTests-Info.plist";
				PRODUCT_NAME = "$(TARGET_NAME)";
				TEST_HOST = "$(BUNDLE_LOADER)";
				WRAPPER_EXTENSION = octest;
			};
			name = Release;
		};
/* End XCBuildConfiguration section */

/* Begin XCConfigurationList section */
		3A8681B11541D01C00C9EE6F /* Build configuration list for PBXProject "TUM" */ = {
			isa = XCConfigurationList;
			buildConfigurations = (
				3A8681E21541D01C00C9EE6F /* Debug */,
				3A8681E31541D01C00C9EE6F /* Release */,
			);
			defaultConfigurationIsVisible = 0;
			defaultConfigurationName = Release;
		};
		3A8681E41541D01C00C9EE6F /* Build configuration list for PBXNativeTarget "TUM" */ = {
			isa = XCConfigurationList;
			buildConfigurations = (
				3A8681E51541D01C00C9EE6F /* Debug */,
				3A8681E61541D01C00C9EE6F /* Release */,
			);
			defaultConfigurationIsVisible = 0;
			defaultConfigurationName = Release;
		};
		3A8681E71541D01C00C9EE6F /* Build configuration list for PBXNativeTarget "TUMTests" */ = {
			isa = XCConfigurationList;
			buildConfigurations = (
				3A8681E81541D01C00C9EE6F /* Debug */,
				3A8681E91541D01C00C9EE6F /* Release */,
			);
			defaultConfigurationIsVisible = 0;
			defaultConfigurationName = Release;
		};
/* End XCConfigurationList section */
	};
	rootObject = 3A8681AE1541D01C00C9EE6F /* Project object */;
}
